// !$*UTF8*$!
{
	archiveVersion = 1;
	classes = {
	};
	objectVersion = 63;
	objects = {

/* Begin PBXBuildFile section */
		3A3709962BEB038200AA7B51 /* AccessTokenView.swift in Sources */ = {isa = PBXBuildFile; fileRef = 3A3709952BEB038200AA7B51 /* AccessTokenView.swift */; };
		3A5441332BCDF10900385131 /* ContentView.swift in Sources */ = {isa = PBXBuildFile; fileRef = 3A5441322BCDF10900385131 /* ContentView.swift */; };
		3A5441352BCDF10B00385131 /* Assets.xcassets in Resources */ = {isa = PBXBuildFile; fileRef = 3A5441342BCDF10B00385131 /* Assets.xcassets */; };
		3A5441382BCDF10B00385131 /* Preview Assets.xcassets in Resources */ = {isa = PBXBuildFile; fileRef = 3A5441372BCDF10B00385131 /* Preview Assets.xcassets */; };
		3A8092F42BE99F0F00AD667F /* CustomViews.swift in Sources */ = {isa = PBXBuildFile; fileRef = 3A8092F32BE99F0F00AD667F /* CustomViews.swift */; };
		3A8092F62BE9BB6B00AD667F /* AccessTokenViewModel.swift in Sources */ = {isa = PBXBuildFile; fileRef = 3A8092F52BE9BB6B00AD667F /* AccessTokenViewModel.swift */; };
		3A8532332BE2D5D800F8619D /* DavinciView.swift in Sources */ = {isa = PBXBuildFile; fileRef = 3A8532322BE2D5D800F8619D /* DavinciView.swift */; };
		3ACD90E12BE586BC00DABCE6 /* DavinciViewModel.swift in Sources */ = {isa = PBXBuildFile; fileRef = 3ACD90E02BE586BC00DABCE6 /* DavinciViewModel.swift */; };
		A51313CD2D9C6C640086F846 /* PingBrowser in Frameworks */ = {isa = PBXBuildFile; productRef = A51313CC2D9C6C640086F846 /* PingBrowser */; };
		A51313CF2D9C6C640086F846 /* PingDavinci in Frameworks */ = {isa = PBXBuildFile; productRef = A51313CE2D9C6C640086F846 /* PingDavinci */; };
		A51313D12D9C6C640086F846 /* PingExternal-idp in Frameworks */ = {isa = PBXBuildFile; productRef = A51313D02D9C6C640086F846 /* PingExternal-idp */; };
		A51313D32D9C6C640086F846 /* PingLogger in Frameworks */ = {isa = PBXBuildFile; productRef = A51313D22D9C6C640086F846 /* PingLogger */; };
		A51313D52D9C6C640086F846 /* PingOidc in Frameworks */ = {isa = PBXBuildFile; productRef = A51313D42D9C6C640086F846 /* PingOidc */; };
		A51313D72D9C6C640086F846 /* PingOrchestrate in Frameworks */ = {isa = PBXBuildFile; productRef = A51313D62D9C6C640086F846 /* PingOrchestrate */; };
		A51313D92D9C6C640086F846 /* PingStorage in Frameworks */ = {isa = PBXBuildFile; productRef = A51313D82D9C6C640086F846 /* PingStorage */; };
		A51C18E82CF5247200A78241 /* PingDavinci in Frameworks */ = {isa = PBXBuildFile; productRef = A51C18E72CF5247200A78241 /* PingDavinci */; };
		A51C18EA2CF5247200A78241 /* PingLogger in Frameworks */ = {isa = PBXBuildFile; productRef = A51C18E92CF5247200A78241 /* PingLogger */; };
		A51C18EC2CF5247200A78241 /* PingOidc in Frameworks */ = {isa = PBXBuildFile; productRef = A51C18EB2CF5247200A78241 /* PingOidc */; };
		A51C18EE2CF5247200A78241 /* PingOrchestrate in Frameworks */ = {isa = PBXBuildFile; productRef = A51C18ED2CF5247200A78241 /* PingOrchestrate */; };
		A51C18F02CF5247200A78241 /* PingStorage in Frameworks */ = {isa = PBXBuildFile; productRef = A51C18EF2CF5247200A78241 /* PingStorage */; };
		A51E622B2D9C4F9F005164D9 /* SocialButtonView.swift in Sources */ = {isa = PBXBuildFile; fileRef = A51E622A2D9C4F9D005164D9 /* SocialButtonView.swift */; };
		A52877782D9C71C400B4885D /* PingBrowser in Frameworks */ = {isa = PBXBuildFile; productRef = A52877772D9C71C400B4885D /* PingBrowser */; };
		A528777A2D9C71C400B4885D /* PingDavinci in Frameworks */ = {isa = PBXBuildFile; productRef = A52877792D9C71C400B4885D /* PingDavinci */; };
		A528777C2D9C71C400B4885D /* PingExternal-idp in Frameworks */ = {isa = PBXBuildFile; productRef = A528777B2D9C71C400B4885D /* PingExternal-idp */; };
		A528777E2D9C71C400B4885D /* PingLogger in Frameworks */ = {isa = PBXBuildFile; productRef = A528777D2D9C71C400B4885D /* PingLogger */; };
		A52877802D9C71C400B4885D /* PingOidc in Frameworks */ = {isa = PBXBuildFile; productRef = A528777F2D9C71C400B4885D /* PingOidc */; };
		A52877822D9C71C400B4885D /* PingOrchestrate in Frameworks */ = {isa = PBXBuildFile; productRef = A52877812D9C71C400B4885D /* PingOrchestrate */; };
		A52877842D9C71C400B4885D /* PingStorage in Frameworks */ = {isa = PBXBuildFile; productRef = A52877832D9C71C400B4885D /* PingStorage */; };
		A575847A2D9DD9EC00AFD754 /* PingBrowser in Frameworks */ = {isa = PBXBuildFile; productRef = A57584792D9DD9EC00AFD754 /* PingBrowser */; };
		A575847C2D9DD9EC00AFD754 /* PingDavinci in Frameworks */ = {isa = PBXBuildFile; productRef = A575847B2D9DD9EC00AFD754 /* PingDavinci */; };
		A575847E2D9DD9EC00AFD754 /* PingExternal-idp in Frameworks */ = {isa = PBXBuildFile; productRef = A575847D2D9DD9EC00AFD754 /* PingExternal-idp */; };
		A57584802D9DD9EC00AFD754 /* PingLogger in Frameworks */ = {isa = PBXBuildFile; productRef = A575847F2D9DD9EC00AFD754 /* PingLogger */; };
		A57584822D9DD9EC00AFD754 /* PingOidc in Frameworks */ = {isa = PBXBuildFile; productRef = A57584812D9DD9EC00AFD754 /* PingOidc */; };
		A57584842D9DD9EC00AFD754 /* PingOrchestrate in Frameworks */ = {isa = PBXBuildFile; productRef = A57584832D9DD9EC00AFD754 /* PingOrchestrate */; };
		A57584862D9DD9EC00AFD754 /* PingStorage in Frameworks */ = {isa = PBXBuildFile; productRef = A57584852D9DD9EC00AFD754 /* PingStorage */; };
		A5A5F8582D5CE16A0053BF24 /* RadioButtonView.swift in Sources */ = {isa = PBXBuildFile; fileRef = A5A5F8552D5CE16A0053BF24 /* RadioButtonView.swift */; };
		A5A5F8592D5CE16A0053BF24 /* ErrorMessageView.swift in Sources */ = {isa = PBXBuildFile; fileRef = A5A5F8512D5CE16A0053BF24 /* ErrorMessageView.swift */; };
		A5A5F85A2D5CE16A0053BF24 /* PasswordView.swift in Sources */ = {isa = PBXBuildFile; fileRef = A5A5F8542D5CE16A0053BF24 /* PasswordView.swift */; };
		A5A5F85B2D5CE16A0053BF24 /* ComboBoxView.swift in Sources */ = {isa = PBXBuildFile; fileRef = A5A5F84F2D5CE16A0053BF24 /* ComboBoxView.swift */; };
		A5A5F85C2D5CE16A0053BF24 /* DropdownView.swift in Sources */ = {isa = PBXBuildFile; fileRef = A5A5F8502D5CE16A0053BF24 /* DropdownView.swift */; };
		A5A5F85D2D5CE16A0053BF24 /* LabelView.swift in Sources */ = {isa = PBXBuildFile; fileRef = A5A5F8532D5CE16A0053BF24 /* LabelView.swift */; };
		A5A5F85E2D5CE16A0053BF24 /* CheckBoxView.swift in Sources */ = {isa = PBXBuildFile; fileRef = A5A5F84E2D5CE16A0053BF24 /* CheckBoxView.swift */; };
		A5A5F85F2D5CE16A0053BF24 /* FlowButtonView.swift in Sources */ = {isa = PBXBuildFile; fileRef = A5A5F8522D5CE16A0053BF24 /* FlowButtonView.swift */; };
		A5A5F8602D5CE16A0053BF24 /* SubmitButtonView.swift in Sources */ = {isa = PBXBuildFile; fileRef = A5A5F8562D5CE16A0053BF24 /* SubmitButtonView.swift */; };
		A5A5F8612D5CE16A0053BF24 /* TextView.swift in Sources */ = {isa = PBXBuildFile; fileRef = A5A5F8572D5CE16A0053BF24 /* TextView.swift */; };
		A5A5F8632D5CE29D0053BF24 /* ContinueNodeView.swift in Sources */ = {isa = PBXBuildFile; fileRef = A5A5F8622D5CE29D0053BF24 /* ContinueNodeView.swift */; };
		A5A5F8652D5CE4A60053BF24 /* ErrorView.swift in Sources */ = {isa = PBXBuildFile; fileRef = A5A5F8642D5CE4A60053BF24 /* ErrorView.swift */; };
		A5EED25A2CF7B10E0064B168 /* LogOutView.swift in Sources */ = {isa = PBXBuildFile; fileRef = A5EED2592CF7B10E0064B168 /* LogOutView.swift */; };
		A5EED25C2CF7B5480064B168 /* UserInfoView.swift in Sources */ = {isa = PBXBuildFile; fileRef = A5EED25B2CF7B5480064B168 /* UserInfoView.swift */; };
		A5EED25E2CF7B8F80064B168 /* UserInfoViewModel.swift in Sources */ = {isa = PBXBuildFile; fileRef = A5EED25D2CF7B8F80064B168 /* UserInfoViewModel.swift */; };
		A5EED2602CF7B9380064B168 /* LogOutViewModel.swift in Sources */ = {isa = PBXBuildFile; fileRef = A5EED25F2CF7B9380064B168 /* LogOutViewModel.swift */; };
/* End PBXBuildFile section */

/* Begin PBXCopyFilesBuildPhase section */
		3A203D872BDB1A900020C995 /* Embed Frameworks */ = {
			isa = PBXCopyFilesBuildPhase;
			buildActionMask = 2147483647;
			dstPath = "";
			dstSubfolderSpec = 10;
			files = (
			);
			name = "Embed Frameworks";
			runOnlyForDeploymentPostprocessing = 0;
		};
/* End PBXCopyFilesBuildPhase section */

/* Begin PBXFileReference section */
		3A3709952BEB038200AA7B51 /* AccessTokenView.swift */ = {isa = PBXFileReference; lastKnownFileType = sourcecode.swift; path = AccessTokenView.swift; sourceTree = "<group>"; };
		3A54412D2BCDF10900385131 /* Davinci.app */ = {isa = PBXFileReference; explicitFileType = wrapper.application; includeInIndex = 0; path = Davinci.app; sourceTree = BUILT_PRODUCTS_DIR; };
		3A5441322BCDF10900385131 /* ContentView.swift */ = {isa = PBXFileReference; lastKnownFileType = sourcecode.swift; path = ContentView.swift; sourceTree = "<group>"; };
		3A5441342BCDF10B00385131 /* Assets.xcassets */ = {isa = PBXFileReference; lastKnownFileType = folder.assetcatalog; path = Assets.xcassets; sourceTree = "<group>"; };
		3A5441372BCDF10B00385131 /* Preview Assets.xcassets */ = {isa = PBXFileReference; lastKnownFileType = folder.assetcatalog; path = "Preview Assets.xcassets"; sourceTree = "<group>"; };
		3A8092F32BE99F0F00AD667F /* CustomViews.swift */ = {isa = PBXFileReference; lastKnownFileType = sourcecode.swift; path = CustomViews.swift; sourceTree = "<group>"; };
		3A8092F52BE9BB6B00AD667F /* AccessTokenViewModel.swift */ = {isa = PBXFileReference; lastKnownFileType = sourcecode.swift; path = AccessTokenViewModel.swift; sourceTree = "<group>"; };
		3A8532322BE2D5D800F8619D /* DavinciView.swift */ = {isa = PBXFileReference; lastKnownFileType = sourcecode.swift; path = DavinciView.swift; sourceTree = "<group>"; };
		3ACD90E02BE586BC00DABCE6 /* DavinciViewModel.swift */ = {isa = PBXFileReference; lastKnownFileType = sourcecode.swift; path = DavinciViewModel.swift; sourceTree = "<group>"; };
		A51E622A2D9C4F9D005164D9 /* SocialButtonView.swift */ = {isa = PBXFileReference; lastKnownFileType = sourcecode.swift; path = SocialButtonView.swift; sourceTree = "<group>"; };
		A528778C2D9D858F00B4885D /* Davinci.entitlements */ = {isa = PBXFileReference; lastKnownFileType = text.plist.entitlements; path = Davinci.entitlements; sourceTree = "<group>"; };
		A528778D2D9D893800B4885D /* Info.plist */ = {isa = PBXFileReference; lastKnownFileType = text.plist; path = Info.plist; sourceTree = "<group>"; };
		A5A5F84E2D5CE16A0053BF24 /* CheckBoxView.swift */ = {isa = PBXFileReference; lastKnownFileType = sourcecode.swift; path = CheckBoxView.swift; sourceTree = "<group>"; };
		A5A5F84F2D5CE16A0053BF24 /* ComboBoxView.swift */ = {isa = PBXFileReference; lastKnownFileType = sourcecode.swift; path = ComboBoxView.swift; sourceTree = "<group>"; };
		A5A5F8502D5CE16A0053BF24 /* DropdownView.swift */ = {isa = PBXFileReference; lastKnownFileType = sourcecode.swift; path = DropdownView.swift; sourceTree = "<group>"; };
		A5A5F8512D5CE16A0053BF24 /* ErrorMessageView.swift */ = {isa = PBXFileReference; lastKnownFileType = sourcecode.swift; path = ErrorMessageView.swift; sourceTree = "<group>"; };
		A5A5F8522D5CE16A0053BF24 /* FlowButtonView.swift */ = {isa = PBXFileReference; lastKnownFileType = sourcecode.swift; path = FlowButtonView.swift; sourceTree = "<group>"; };
		A5A5F8532D5CE16A0053BF24 /* LabelView.swift */ = {isa = PBXFileReference; lastKnownFileType = sourcecode.swift; path = LabelView.swift; sourceTree = "<group>"; };
		A5A5F8542D5CE16A0053BF24 /* PasswordView.swift */ = {isa = PBXFileReference; lastKnownFileType = sourcecode.swift; path = PasswordView.swift; sourceTree = "<group>"; };
		A5A5F8552D5CE16A0053BF24 /* RadioButtonView.swift */ = {isa = PBXFileReference; lastKnownFileType = sourcecode.swift; path = RadioButtonView.swift; sourceTree = "<group>"; };
		A5A5F8562D5CE16A0053BF24 /* SubmitButtonView.swift */ = {isa = PBXFileReference; lastKnownFileType = sourcecode.swift; path = SubmitButtonView.swift; sourceTree = "<group>"; };
		A5A5F8572D5CE16A0053BF24 /* TextView.swift */ = {isa = PBXFileReference; lastKnownFileType = sourcecode.swift; path = TextView.swift; sourceTree = "<group>"; };
		A5A5F8622D5CE29D0053BF24 /* ContinueNodeView.swift */ = {isa = PBXFileReference; lastKnownFileType = sourcecode.swift; path = ContinueNodeView.swift; sourceTree = "<group>"; };
		A5A5F8642D5CE4A60053BF24 /* ErrorView.swift */ = {isa = PBXFileReference; lastKnownFileType = sourcecode.swift; path = ErrorView.swift; sourceTree = "<group>"; };
		A5EED2592CF7B10E0064B168 /* LogOutView.swift */ = {isa = PBXFileReference; lastKnownFileType = sourcecode.swift; path = LogOutView.swift; sourceTree = "<group>"; };
		A5EED25B2CF7B5480064B168 /* UserInfoView.swift */ = {isa = PBXFileReference; lastKnownFileType = sourcecode.swift; path = UserInfoView.swift; sourceTree = "<group>"; };
		A5EED25D2CF7B8F80064B168 /* UserInfoViewModel.swift */ = {isa = PBXFileReference; lastKnownFileType = sourcecode.swift; path = UserInfoViewModel.swift; sourceTree = "<group>"; };
		A5EED25F2CF7B9380064B168 /* LogOutViewModel.swift */ = {isa = PBXFileReference; lastKnownFileType = sourcecode.swift; path = LogOutViewModel.swift; sourceTree = "<group>"; };
/* End PBXFileReference section */

/* Begin PBXFrameworksBuildPhase section */
		3A54412A2BCDF10900385131 /* Frameworks */ = {
			isa = PBXFrameworksBuildPhase;
			buildActionMask = 2147483647;
			files = (
				A51C18EA2CF5247200A78241 /* PingLogger in Frameworks */,
				A51313D52D9C6C640086F846 /* PingOidc in Frameworks */,
				A51313D92D9C6C640086F846 /* PingStorage in Frameworks */,
				A51C18EE2CF5247200A78241 /* PingOrchestrate in Frameworks */,
				A52877802D9C71C400B4885D /* PingOidc in Frameworks */,
				A575847A2D9DD9EC00AFD754 /* PingBrowser in Frameworks */,
				A57584802D9DD9EC00AFD754 /* PingLogger in Frameworks */,
				A52877782D9C71C400B4885D /* PingBrowser in Frameworks */,
				A51C18EC2CF5247200A78241 /* PingOidc in Frameworks */,
				A51313D32D9C6C640086F846 /* PingLogger in Frameworks */,
				A51313D12D9C6C640086F846 /* PingExternal-idp in Frameworks */,
				A52877822D9C71C400B4885D /* PingOrchestrate in Frameworks */,
				A575847E2D9DD9EC00AFD754 /* PingExternal-idp in Frameworks */,
				A57584822D9DD9EC00AFD754 /* PingOidc in Frameworks */,
				A528777E2D9C71C400B4885D /* PingLogger in Frameworks */,
				A51C18E82CF5247200A78241 /* PingDavinci in Frameworks */,
				A52877842D9C71C400B4885D /* PingStorage in Frameworks */,
				A51C18F02CF5247200A78241 /* PingStorage in Frameworks */,
				A57584862D9DD9EC00AFD754 /* PingStorage in Frameworks */,
				A528777C2D9C71C400B4885D /* PingExternal-idp in Frameworks */,
				A51313CD2D9C6C640086F846 /* PingBrowser in Frameworks */,
				A57584842D9DD9EC00AFD754 /* PingOrchestrate in Frameworks */,
				A51313CF2D9C6C640086F846 /* PingDavinci in Frameworks */,
				A51313D72D9C6C640086F846 /* PingOrchestrate in Frameworks */,
				A528777A2D9C71C400B4885D /* PingDavinci in Frameworks */,
				A575847C2D9DD9EC00AFD754 /* PingDavinci in Frameworks */,
			);
			runOnlyForDeploymentPostprocessing = 0;
		};
/* End PBXFrameworksBuildPhase section */

/* Begin PBXGroup section */
		3A5441242BCDF10900385131 = {
			isa = PBXGroup;
			children = (
				3A54412F2BCDF10900385131 /* Davinci */,
				3A54412E2BCDF10900385131 /* Products */,
				3A5441642BCDF17600385131 /* Frameworks */,
			);
			sourceTree = "<group>";
		};
		3A54412E2BCDF10900385131 /* Products */ = {
			isa = PBXGroup;
			children = (
				3A54412D2BCDF10900385131 /* Davinci.app */,
			);
			name = Products;
			sourceTree = "<group>";
		};
		3A54412F2BCDF10900385131 /* Davinci */ = {
			isa = PBXGroup;
			children = (
				A528778D2D9D893800B4885D /* Info.plist */,
				A528778C2D9D858F00B4885D /* Davinci.entitlements */,
				A5A5F84D2D5CE1450053BF24 /* Collectors */,
				3A3709952BEB038200AA7B51 /* AccessTokenView.swift */,
				3A8092F52BE9BB6B00AD667F /* AccessTokenViewModel.swift */,
				3A5441322BCDF10900385131 /* ContentView.swift */,
				A5A5F8622D5CE29D0053BF24 /* ContinueNodeView.swift */,
				3A8092F32BE99F0F00AD667F /* CustomViews.swift */,
				3A8532322BE2D5D800F8619D /* DavinciView.swift */,
				3ACD90E02BE586BC00DABCE6 /* DavinciViewModel.swift */,
				A5A5F8642D5CE4A60053BF24 /* ErrorView.swift */,
				A5EED2592CF7B10E0064B168 /* LogOutView.swift */,
				A5EED25F2CF7B9380064B168 /* LogOutViewModel.swift */,
				A5EED25B2CF7B5480064B168 /* UserInfoView.swift */,
				A5EED25D2CF7B8F80064B168 /* UserInfoViewModel.swift */,
				3A5441342BCDF10B00385131 /* Assets.xcassets */,
				3A5441362BCDF10B00385131 /* Preview Content */,
			);
			path = Davinci;
			sourceTree = "<group>";
		};
		3A5441362BCDF10B00385131 /* Preview Content */ = {
			isa = PBXGroup;
			children = (
				3A5441372BCDF10B00385131 /* Preview Assets.xcassets */,
			);
			path = "Preview Content";
			sourceTree = "<group>";
		};
		3A5441642BCDF17600385131 /* Frameworks */ = {
			isa = PBXGroup;
			children = (
			);
			name = Frameworks;
			sourceTree = "<group>";
		};
		A5A5F84D2D5CE1450053BF24 /* Collectors */ = {
			isa = PBXGroup;
			children = (
				A5A5F84E2D5CE16A0053BF24 /* CheckBoxView.swift */,
				A5A5F84F2D5CE16A0053BF24 /* ComboBoxView.swift */,
				A5A5F8502D5CE16A0053BF24 /* DropdownView.swift */,
				A5A5F8512D5CE16A0053BF24 /* ErrorMessageView.swift */,
				A5A5F8522D5CE16A0053BF24 /* FlowButtonView.swift */,
				A5A5F8532D5CE16A0053BF24 /* LabelView.swift */,
				A5A5F8542D5CE16A0053BF24 /* PasswordView.swift */,
				A5A5F8552D5CE16A0053BF24 /* RadioButtonView.swift */,
				A51E622A2D9C4F9D005164D9 /* SocialButtonView.swift */,
				A5A5F8562D5CE16A0053BF24 /* SubmitButtonView.swift */,
				A5A5F8572D5CE16A0053BF24 /* TextView.swift */,
			);
			path = Collectors;
			sourceTree = "<group>";
		};
/* End PBXGroup section */

/* Begin PBXNativeTarget section */
		3A54412C2BCDF10900385131 /* Davinci */ = {
			isa = PBXNativeTarget;
			buildConfigurationList = 3A5441512BCDF10B00385131 /* Build configuration list for PBXNativeTarget "Davinci" */;
			buildPhases = (
				3A5441292BCDF10900385131 /* Sources */,
				3A54412A2BCDF10900385131 /* Frameworks */,
				3A54412B2BCDF10900385131 /* Resources */,
				3A203D872BDB1A900020C995 /* Embed Frameworks */,
			);
			buildRules = (
			);
			dependencies = (
			);
			name = Davinci;
			productName = PingExample;
			productReference = 3A54412D2BCDF10900385131 /* Davinci.app */;
			productType = "com.apple.product-type.application";
		};
/* End PBXNativeTarget section */

/* Begin PBXProject section */
		3A5441252BCDF10900385131 /* Project object */ = {
			isa = PBXProject;
			attributes = {
				BuildIndependentTargetsInParallel = 1;
				LastSwiftUpdateCheck = 1500;
				LastUpgradeCheck = 1500;
				TargetAttributes = {
					3A54412C2BCDF10900385131 = {
						CreatedOnToolsVersion = 15.0;
					};
				};
			};
			buildConfigurationList = 3A5441282BCDF10900385131 /* Build configuration list for PBXProject "Davinci" */;
			compatibilityVersion = "Xcode 15.3";
			developmentRegion = en;
			hasScannedForEncodings = 0;
			knownRegions = (
				en,
				Base,
			);
			mainGroup = 3A5441242BCDF10900385131;
			packageReferences = (
				A57584782D9DD9EC00AFD754 /* XCRemoteSwiftPackageReference "ping-ios-sdk" */,
			);
			productRefGroup = 3A54412E2BCDF10900385131 /* Products */;
			projectDirPath = "";
			projectRoot = "";
			targets = (
				3A54412C2BCDF10900385131 /* Davinci */,
			);
		};
/* End PBXProject section */

/* Begin PBXResourcesBuildPhase section */
		3A54412B2BCDF10900385131 /* Resources */ = {
			isa = PBXResourcesBuildPhase;
			buildActionMask = 2147483647;
			files = (
				3A5441382BCDF10B00385131 /* Preview Assets.xcassets in Resources */,
				3A5441352BCDF10B00385131 /* Assets.xcassets in Resources */,
			);
			runOnlyForDeploymentPostprocessing = 0;
		};
/* End PBXResourcesBuildPhase section */

/* Begin PBXSourcesBuildPhase section */
		3A5441292BCDF10900385131 /* Sources */ = {
			isa = PBXSourcesBuildPhase;
			buildActionMask = 2147483647;
			files = (
				A5EED25A2CF7B10E0064B168 /* LogOutView.swift in Sources */,
				3A8092F62BE9BB6B00AD667F /* AccessTokenViewModel.swift in Sources */,
				A5EED25E2CF7B8F80064B168 /* UserInfoViewModel.swift in Sources */,
				3ACD90E12BE586BC00DABCE6 /* DavinciViewModel.swift in Sources */,
				A5EED2602CF7B9380064B168 /* LogOutViewModel.swift in Sources */,
				A5EED25C2CF7B5480064B168 /* UserInfoView.swift in Sources */,
				3A8532332BE2D5D800F8619D /* DavinciView.swift in Sources */,
				3A5441332BCDF10900385131 /* ContentView.swift in Sources */,
				3A8092F42BE99F0F00AD667F /* CustomViews.swift in Sources */,
				A5A5F8582D5CE16A0053BF24 /* RadioButtonView.swift in Sources */,
				A51E622B2D9C4F9F005164D9 /* SocialButtonView.swift in Sources */,
				A5A5F8592D5CE16A0053BF24 /* ErrorMessageView.swift in Sources */,
				A5A5F85A2D5CE16A0053BF24 /* PasswordView.swift in Sources */,
				A5A5F85B2D5CE16A0053BF24 /* ComboBoxView.swift in Sources */,
				A5A5F85C2D5CE16A0053BF24 /* DropdownView.swift in Sources */,
				A5A5F85D2D5CE16A0053BF24 /* LabelView.swift in Sources */,
				A5A5F85E2D5CE16A0053BF24 /* CheckBoxView.swift in Sources */,
				A5A5F85F2D5CE16A0053BF24 /* FlowButtonView.swift in Sources */,
				A5A5F8632D5CE29D0053BF24 /* ContinueNodeView.swift in Sources */,
				A5A5F8602D5CE16A0053BF24 /* SubmitButtonView.swift in Sources */,
				A5A5F8612D5CE16A0053BF24 /* TextView.swift in Sources */,
				3A3709962BEB038200AA7B51 /* AccessTokenView.swift in Sources */,
				A5A5F8652D5CE4A60053BF24 /* ErrorView.swift in Sources */,
			);
			runOnlyForDeploymentPostprocessing = 0;
		};
/* End PBXSourcesBuildPhase section */

/* Begin XCBuildConfiguration section */
		3A54414F2BCDF10B00385131 /* Debug */ = {
			isa = XCBuildConfiguration;
			buildSettings = {
				ALWAYS_SEARCH_USER_PATHS = NO;
				ASSETCATALOG_COMPILER_GENERATE_SWIFT_ASSET_SYMBOL_EXTENSIONS = YES;
				CLANG_ANALYZER_NONNULL = YES;
				CLANG_ANALYZER_NUMBER_OBJECT_CONVERSION = YES_AGGRESSIVE;
				CLANG_CXX_LANGUAGE_STANDARD = "gnu++20";
				CLANG_ENABLE_MODULES = YES;
				CLANG_ENABLE_OBJC_ARC = YES;
				CLANG_ENABLE_OBJC_WEAK = YES;
				CLANG_WARN_BLOCK_CAPTURE_AUTORELEASING = YES;
				CLANG_WARN_BOOL_CONVERSION = YES;
				CLANG_WARN_COMMA = YES;
				CLANG_WARN_CONSTANT_CONVERSION = YES;
				CLANG_WARN_DEPRECATED_OBJC_IMPLEMENTATIONS = YES;
				CLANG_WARN_DIRECT_OBJC_ISA_USAGE = YES_ERROR;
				CLANG_WARN_DOCUMENTATION_COMMENTS = YES;
				CLANG_WARN_EMPTY_BODY = YES;
				CLANG_WARN_ENUM_CONVERSION = YES;
				CLANG_WARN_INFINITE_RECURSION = YES;
				CLANG_WARN_INT_CONVERSION = YES;
				CLANG_WARN_NON_LITERAL_NULL_CONVERSION = YES;
				CLANG_WARN_OBJC_IMPLICIT_RETAIN_SELF = YES;
				CLANG_WARN_OBJC_LITERAL_CONVERSION = YES;
				CLANG_WARN_OBJC_ROOT_CLASS = YES_ERROR;
				CLANG_WARN_QUOTED_INCLUDE_IN_FRAMEWORK_HEADER = YES;
				CLANG_WARN_RANGE_LOOP_ANALYSIS = YES;
				CLANG_WARN_STRICT_PROTOTYPES = YES;
				CLANG_WARN_SUSPICIOUS_MOVE = YES;
				CLANG_WARN_UNGUARDED_AVAILABILITY = YES_AGGRESSIVE;
				CLANG_WARN_UNREACHABLE_CODE = YES;
				CLANG_WARN__DUPLICATE_METHOD_MATCH = YES;
				COPY_PHASE_STRIP = NO;
				DEBUG_INFORMATION_FORMAT = dwarf;
				ENABLE_STRICT_OBJC_MSGSEND = YES;
				ENABLE_TESTABILITY = YES;
				ENABLE_USER_SCRIPT_SANDBOXING = YES;
				GCC_C_LANGUAGE_STANDARD = gnu17;
				GCC_DYNAMIC_NO_PIC = NO;
				GCC_NO_COMMON_BLOCKS = YES;
				GCC_OPTIMIZATION_LEVEL = 0;
				GCC_PREPROCESSOR_DEFINITIONS = (
					"DEBUG=1",
					"$(inherited)",
				);
				GCC_WARN_64_TO_32_BIT_CONVERSION = YES;
				GCC_WARN_ABOUT_RETURN_TYPE = YES_ERROR;
				GCC_WARN_UNDECLARED_SELECTOR = YES;
				GCC_WARN_UNINITIALIZED_AUTOS = YES_AGGRESSIVE;
				GCC_WARN_UNUSED_FUNCTION = YES;
				GCC_WARN_UNUSED_VARIABLE = YES;
				IPHONEOS_DEPLOYMENT_TARGET = 16.0;
				LOCALIZATION_PREFERS_STRING_CATALOGS = YES;
				MTL_ENABLE_DEBUG_INFO = INCLUDE_SOURCE;
				MTL_FAST_MATH = YES;
				ONLY_ACTIVE_ARCH = YES;
				OTHER_SWIFT_FLAGS = "";
				SDKROOT = iphoneos;
				SWIFT_ACTIVE_COMPILATION_CONDITIONS = "DEBUG $(inherited)";
				SWIFT_OPTIMIZATION_LEVEL = "-Onone";
			};
			name = Debug;
		};
		3A5441502BCDF10B00385131 /* Release */ = {
			isa = XCBuildConfiguration;
			buildSettings = {
				ALWAYS_SEARCH_USER_PATHS = NO;
				ASSETCATALOG_COMPILER_GENERATE_SWIFT_ASSET_SYMBOL_EXTENSIONS = YES;
				CLANG_ANALYZER_NONNULL = YES;
				CLANG_ANALYZER_NUMBER_OBJECT_CONVERSION = YES_AGGRESSIVE;
				CLANG_CXX_LANGUAGE_STANDARD = "gnu++20";
				CLANG_ENABLE_MODULES = YES;
				CLANG_ENABLE_OBJC_ARC = YES;
				CLANG_ENABLE_OBJC_WEAK = YES;
				CLANG_WARN_BLOCK_CAPTURE_AUTORELEASING = YES;
				CLANG_WARN_BOOL_CONVERSION = YES;
				CLANG_WARN_COMMA = YES;
				CLANG_WARN_CONSTANT_CONVERSION = YES;
				CLANG_WARN_DEPRECATED_OBJC_IMPLEMENTATIONS = YES;
				CLANG_WARN_DIRECT_OBJC_ISA_USAGE = YES_ERROR;
				CLANG_WARN_DOCUMENTATION_COMMENTS = YES;
				CLANG_WARN_EMPTY_BODY = YES;
				CLANG_WARN_ENUM_CONVERSION = YES;
				CLANG_WARN_INFINITE_RECURSION = YES;
				CLANG_WARN_INT_CONVERSION = YES;
				CLANG_WARN_NON_LITERAL_NULL_CONVERSION = YES;
				CLANG_WARN_OBJC_IMPLICIT_RETAIN_SELF = YES;
				CLANG_WARN_OBJC_LITERAL_CONVERSION = YES;
				CLANG_WARN_OBJC_ROOT_CLASS = YES_ERROR;
				CLANG_WARN_QUOTED_INCLUDE_IN_FRAMEWORK_HEADER = YES;
				CLANG_WARN_RANGE_LOOP_ANALYSIS = YES;
				CLANG_WARN_STRICT_PROTOTYPES = YES;
				CLANG_WARN_SUSPICIOUS_MOVE = YES;
				CLANG_WARN_UNGUARDED_AVAILABILITY = YES_AGGRESSIVE;
				CLANG_WARN_UNREACHABLE_CODE = YES;
				CLANG_WARN__DUPLICATE_METHOD_MATCH = YES;
				COPY_PHASE_STRIP = NO;
				DEBUG_INFORMATION_FORMAT = "dwarf-with-dsym";
				ENABLE_NS_ASSERTIONS = NO;
				ENABLE_STRICT_OBJC_MSGSEND = YES;
				ENABLE_USER_SCRIPT_SANDBOXING = YES;
				GCC_C_LANGUAGE_STANDARD = gnu17;
				GCC_NO_COMMON_BLOCKS = YES;
				GCC_WARN_64_TO_32_BIT_CONVERSION = YES;
				GCC_WARN_ABOUT_RETURN_TYPE = YES_ERROR;
				GCC_WARN_UNDECLARED_SELECTOR = YES;
				GCC_WARN_UNINITIALIZED_AUTOS = YES_AGGRESSIVE;
				GCC_WARN_UNUSED_FUNCTION = YES;
				GCC_WARN_UNUSED_VARIABLE = YES;
				IPHONEOS_DEPLOYMENT_TARGET = 16.0;
				LOCALIZATION_PREFERS_STRING_CATALOGS = YES;
				MTL_ENABLE_DEBUG_INFO = NO;
				MTL_FAST_MATH = YES;
				OTHER_SWIFT_FLAGS = "";
				SDKROOT = iphoneos;
				SWIFT_COMPILATION_MODE = wholemodule;
				VALIDATE_PRODUCT = YES;
			};
			name = Release;
		};
		3A5441522BCDF10B00385131 /* Debug */ = {
			isa = XCBuildConfiguration;
			buildSettings = {
				ASSETCATALOG_COMPILER_APPICON_NAME = AppIcon;
				ASSETCATALOG_COMPILER_GLOBAL_ACCENT_COLOR_NAME = AccentColor;
				CODE_SIGN_ENTITLEMENTS = Davinci/Davinci.entitlements;
				CODE_SIGN_STYLE = Automatic;
				CURRENT_PROJECT_VERSION = 1;
				DEVELOPMENT_ASSET_PATHS = "\"Davinci/Preview Content\"";
				DEVELOPMENT_TEAM = 9QSE66762D;
				ENABLE_PREVIEWS = YES;
				GENERATE_INFOPLIST_FILE = YES;
				INFOPLIST_FILE = Davinci/Info.plist;
				INFOPLIST_KEY_CFBundleDisplayName = Davinci;
				INFOPLIST_KEY_UIApplicationSceneManifest_Generation = YES;
				INFOPLIST_KEY_UIApplicationSupportsIndirectInputEvents = YES;
				INFOPLIST_KEY_UILaunchScreen_Generation = YES;
				INFOPLIST_KEY_UISupportedInterfaceOrientations = UIInterfaceOrientationPortrait;
				INFOPLIST_KEY_UISupportedInterfaceOrientations_iPad = "UIInterfaceOrientationLandscapeLeft UIInterfaceOrientationLandscapeRight UIInterfaceOrientationPortrait UIInterfaceOrientationPortraitUpsideDown";
				IPHONEOS_DEPLOYMENT_TARGET = 16.0;
				LD_RUNPATH_SEARCH_PATHS = (
					"$(inherited)",
					"@executable_path/Frameworks",
				);
				MARKETING_VERSION = "0.9.0-beta2";
				PRODUCT_BUNDLE_IDENTIFIER = com.pingidentity.PingExample;
				PRODUCT_NAME = "$(TARGET_NAME)";
				SWIFT_EMIT_LOC_STRINGS = YES;
				SWIFT_VERSION = 6.0;
				TARGETED_DEVICE_FAMILY = "1,2";
			};
			name = Debug;
		};
		3A5441532BCDF10B00385131 /* Release */ = {
			isa = XCBuildConfiguration;
			buildSettings = {
				ASSETCATALOG_COMPILER_APPICON_NAME = AppIcon;
				ASSETCATALOG_COMPILER_GLOBAL_ACCENT_COLOR_NAME = AccentColor;
				CODE_SIGN_ENTITLEMENTS = Davinci/Davinci.entitlements;
				CODE_SIGN_STYLE = Automatic;
				CURRENT_PROJECT_VERSION = 1;
				DEVELOPMENT_ASSET_PATHS = "\"Davinci/Preview Content\"";
				DEVELOPMENT_TEAM = 9QSE66762D;
				ENABLE_PREVIEWS = YES;
				GENERATE_INFOPLIST_FILE = YES;
				INFOPLIST_FILE = Davinci/Info.plist;
				INFOPLIST_KEY_CFBundleDisplayName = Davinci;
				INFOPLIST_KEY_UIApplicationSceneManifest_Generation = YES;
				INFOPLIST_KEY_UIApplicationSupportsIndirectInputEvents = YES;
				INFOPLIST_KEY_UILaunchScreen_Generation = YES;
				INFOPLIST_KEY_UISupportedInterfaceOrientations = UIInterfaceOrientationPortrait;
				INFOPLIST_KEY_UISupportedInterfaceOrientations_iPad = "UIInterfaceOrientationLandscapeLeft UIInterfaceOrientationLandscapeRight UIInterfaceOrientationPortrait UIInterfaceOrientationPortraitUpsideDown";
				IPHONEOS_DEPLOYMENT_TARGET = 16.0;
				LD_RUNPATH_SEARCH_PATHS = (
					"$(inherited)",
					"@executable_path/Frameworks",
				);
				MARKETING_VERSION = "0.9.0-beta2";
				PRODUCT_BUNDLE_IDENTIFIER = com.pingidentity.PingExample;
				PRODUCT_NAME = "$(TARGET_NAME)";
				SWIFT_EMIT_LOC_STRINGS = YES;
				SWIFT_VERSION = 6.0;
				TARGETED_DEVICE_FAMILY = "1,2";
			};
			name = Release;
		};
/* End XCBuildConfiguration section */

/* Begin XCConfigurationList section */
		3A5441282BCDF10900385131 /* Build configuration list for PBXProject "Davinci" */ = {
			isa = XCConfigurationList;
			buildConfigurations = (
				3A54414F2BCDF10B00385131 /* Debug */,
				3A5441502BCDF10B00385131 /* Release */,
			);
			defaultConfigurationIsVisible = 0;
			defaultConfigurationName = Release;
		};
		3A5441512BCDF10B00385131 /* Build configuration list for PBXNativeTarget "Davinci" */ = {
			isa = XCConfigurationList;
			buildConfigurations = (
				3A5441522BCDF10B00385131 /* Debug */,
				3A5441532BCDF10B00385131 /* Release */,
			);
			defaultConfigurationIsVisible = 0;
			defaultConfigurationName = Release;
		};
/* End XCConfigurationList section */

/* Begin XCRemoteSwiftPackageReference section */
		A51313CB2D9C6C640086F846 /* XCRemoteSwiftPackageReference "ping-ios-sdk" */ = {
			isa = XCRemoteSwiftPackageReference;
			repositoryURL = "https://github.com/ForgeRock/ping-ios-sdk";
			requirement = {
				branch = "SDKS-3920-update-dependency-managers-6";
				kind = branch;
			};
		};
		A51C18E62CF5247200A78241 /* XCRemoteSwiftPackageReference "ping-ios-sdk" */ = {
			isa = XCRemoteSwiftPackageReference;
			repositoryURL = "https://github.com/ForgeRock/ping-ios-sdk";
			requirement = {
				branch = develop;
				kind = branch;
			};
		};
		A52877762D9C71C400B4885D /* XCRemoteSwiftPackageReference "ping-ios-sdk" */ = {
			isa = XCRemoteSwiftPackageReference;
			repositoryURL = "https://github.com/ForgeRock/ping-ios-sdk";
			requirement = {
				branch = "SDKS-3920-update-dependency-managers-6";
				kind = branch;
			};
		};
		A57584782D9DD9EC00AFD754 /* XCRemoteSwiftPackageReference "ping-ios-sdk" */ = {
			isa = XCRemoteSwiftPackageReference;
			repositoryURL = "https://github.com/ForgeRock/ping-ios-sdk";
			requirement = {
				branch = develop;
				kind = branch;
			};
		};
/* End XCRemoteSwiftPackageReference section */

/* Begin XCSwiftPackageProductDependency section */
		A51313CC2D9C6C640086F846 /* PingBrowser */ = {
			isa = XCSwiftPackageProductDependency;
			package = A51313CB2D9C6C640086F846 /* XCRemoteSwiftPackageReference "ping-ios-sdk" */;
			productName = PingBrowser;
		};
		A51313CE2D9C6C640086F846 /* PingDavinci */ = {
			isa = XCSwiftPackageProductDependency;
			package = A51313CB2D9C6C640086F846 /* XCRemoteSwiftPackageReference "ping-ios-sdk" */;
			productName = PingDavinci;
		};
		A51313D02D9C6C640086F846 /* PingExternal-idp */ = {
			isa = XCSwiftPackageProductDependency;
			package = A51313CB2D9C6C640086F846 /* XCRemoteSwiftPackageReference "ping-ios-sdk" */;
			productName = "PingExternal-idp";
		};
		A51313D22D9C6C640086F846 /* PingLogger */ = {
			isa = XCSwiftPackageProductDependency;
			package = A51313CB2D9C6C640086F846 /* XCRemoteSwiftPackageReference "ping-ios-sdk" */;
			productName = PingLogger;
		};
		A51313D42D9C6C640086F846 /* PingOidc */ = {
			isa = XCSwiftPackageProductDependency;
			package = A51313CB2D9C6C640086F846 /* XCRemoteSwiftPackageReference "ping-ios-sdk" */;
			productName = PingOidc;
		};
		A51313D62D9C6C640086F846 /* PingOrchestrate */ = {
			isa = XCSwiftPackageProductDependency;
			package = A51313CB2D9C6C640086F846 /* XCRemoteSwiftPackageReference "ping-ios-sdk" */;
			productName = PingOrchestrate;
		};
		A51313D82D9C6C640086F846 /* PingStorage */ = {
			isa = XCSwiftPackageProductDependency;
			package = A51313CB2D9C6C640086F846 /* XCRemoteSwiftPackageReference "ping-ios-sdk" */;
			productName = PingStorage;
		};
		A51C18E72CF5247200A78241 /* PingDavinci */ = {
			isa = XCSwiftPackageProductDependency;
			package = A51C18E62CF5247200A78241 /* XCRemoteSwiftPackageReference "ping-ios-sdk" */;
			productName = PingDavinci;
		};
		A51C18E92CF5247200A78241 /* PingLogger */ = {
			isa = XCSwiftPackageProductDependency;
			package = A51C18E62CF5247200A78241 /* XCRemoteSwiftPackageReference "ping-ios-sdk" */;
			productName = PingLogger;
		};
		A51C18EB2CF5247200A78241 /* PingOidc */ = {
			isa = XCSwiftPackageProductDependency;
			package = A51C18E62CF5247200A78241 /* XCRemoteSwiftPackageReference "ping-ios-sdk" */;
			productName = PingOidc;
		};
		A51C18ED2CF5247200A78241 /* PingOrchestrate */ = {
			isa = XCSwiftPackageProductDependency;
			package = A51C18E62CF5247200A78241 /* XCRemoteSwiftPackageReference "ping-ios-sdk" */;
			productName = PingOrchestrate;
		};
		A51C18EF2CF5247200A78241 /* PingStorage */ = {
			isa = XCSwiftPackageProductDependency;
			package = A51C18E62CF5247200A78241 /* XCRemoteSwiftPackageReference "ping-ios-sdk" */;
			productName = PingStorage;
		};
		A52877772D9C71C400B4885D /* PingBrowser */ = {
			isa = XCSwiftPackageProductDependency;
			package = A52877762D9C71C400B4885D /* XCRemoteSwiftPackageReference "ping-ios-sdk" */;
			productName = PingBrowser;
		};
		A52877792D9C71C400B4885D /* PingDavinci */ = {
			isa = XCSwiftPackageProductDependency;
			package = A52877762D9C71C400B4885D /* XCRemoteSwiftPackageReference "ping-ios-sdk" */;
			productName = PingDavinci;
		};
		A528777B2D9C71C400B4885D /* PingExternal-idp */ = {
			isa = XCSwiftPackageProductDependency;
			package = A52877762D9C71C400B4885D /* XCRemoteSwiftPackageReference "ping-ios-sdk" */;
			productName = "PingExternal-idp";
		};
		A528777D2D9C71C400B4885D /* PingLogger */ = {
			isa = XCSwiftPackageProductDependency;
			package = A52877762D9C71C400B4885D /* XCRemoteSwiftPackageReference "ping-ios-sdk" */;
			productName = PingLogger;
		};
		A528777F2D9C71C400B4885D /* PingOidc */ = {
			isa = XCSwiftPackageProductDependency;
			package = A52877762D9C71C400B4885D /* XCRemoteSwiftPackageReference "ping-ios-sdk" */;
			productName = PingOidc;
		};
		A52877812D9C71C400B4885D /* PingOrchestrate */ = {
			isa = XCSwiftPackageProductDependency;
			package = A52877762D9C71C400B4885D /* XCRemoteSwiftPackageReference "ping-ios-sdk" */;
			productName = PingOrchestrate;
		};
		A52877832D9C71C400B4885D /* PingStorage */ = {
			isa = XCSwiftPackageProductDependency;
			package = A52877762D9C71C400B4885D /* XCRemoteSwiftPackageReference "ping-ios-sdk" */;
			productName = PingStorage;
		};
		A57584792D9DD9EC00AFD754 /* PingBrowser */ = {
			isa = XCSwiftPackageProductDependency;
			package = A57584782D9DD9EC00AFD754 /* XCRemoteSwiftPackageReference "ping-ios-sdk" */;
			productName = PingBrowser;
		};
		A575847B2D9DD9EC00AFD754 /* PingDavinci */ = {
			isa = XCSwiftPackageProductDependency;
			package = A57584782D9DD9EC00AFD754 /* XCRemoteSwiftPackageReference "ping-ios-sdk" */;
			productName = PingDavinci;
		};
		A575847D2D9DD9EC00AFD754 /* PingExternal-idp */ = {
			isa = XCSwiftPackageProductDependency;
			package = A57584782D9DD9EC00AFD754 /* XCRemoteSwiftPackageReference "ping-ios-sdk" */;
			productName = "PingExternal-idp";
		};
		A575847F2D9DD9EC00AFD754 /* PingLogger */ = {
			isa = XCSwiftPackageProductDependency;
			package = A57584782D9DD9EC00AFD754 /* XCRemoteSwiftPackageReference "ping-ios-sdk" */;
			productName = PingLogger;
		};
		A57584812D9DD9EC00AFD754 /* PingOidc */ = {
			isa = XCSwiftPackageProductDependency;
			package = A57584782D9DD9EC00AFD754 /* XCRemoteSwiftPackageReference "ping-ios-sdk" */;
			productName = PingOidc;
		};
		A57584832D9DD9EC00AFD754 /* PingOrchestrate */ = {
			isa = XCSwiftPackageProductDependency;
			package = A57584782D9DD9EC00AFD754 /* XCRemoteSwiftPackageReference "ping-ios-sdk" */;
			productName = PingOrchestrate;
		};
		A57584852D9DD9EC00AFD754 /* PingStorage */ = {
			isa = XCSwiftPackageProductDependency;
			package = A57584782D9DD9EC00AFD754 /* XCRemoteSwiftPackageReference "ping-ios-sdk" */;
			productName = PingStorage;
		};
/* End XCSwiftPackageProductDependency section */
	};
	rootObject = 3A5441252BCDF10900385131 /* Project object */;
}
