{
  "originHash" : "a26efb71409f804cd9da485c44e6de21ac4ccad17ab6deeb7351c2f582e35a45",
  "pins" : [
    {
      "identity" : "joseswift",
      "kind" : "remoteSourceControl",
      "location" : "https://github.com/airsidemobile/JOSESwift",
      "state" : {
        "revision" : "10ed3b6736def7c26eb87135466b1cb46ea7e37f",
        "version" : "2.4.0"
      }
    }
  ],
  "version" : 3
}
