// !$*UTF8*$!
{
	archiveVersion = 1;
	classes = {
	};
	objectVersion = 77;
	objects = {

/* Begin PBXBuildFile section */
		2E7F9A882FD067520033B069 /* PingOneMFA in Frameworks */ = {isa = PBXBuildFile; productRef = 2E7F9A872FD067520033B069 /* PingOneMFA */; };
/* End PBXBuildFile section */

/* Begin PBXContainerItemProxy section */
		2E7F97EB2FD0255A0033B069 /* PBXContainerItemProxy */ = {
			isa = PBXContainerItemProxy;
			containerPortal = 2E7F97D52FD025580033B069 /* Project object */;
			proxyType = 1;
			remoteGlobalIDString = 2E7F97DC2FD025580033B069;
			remoteInfo = PingOneMFASample;
		};
		2E7F97F52FD0255A0033B069 /* PBXContainerItemProxy */ = {
			isa = PBXContainerItemProxy;
			containerPortal = 2E7F97D52FD025580033B069 /* Project object */;
			proxyType = 1;
			remoteGlobalIDString = 2E7F97DC2FD025580033B069;
			remoteInfo = PingOneMFASample;
		};
/* End PBXContainerItemProxy section */

/* Begin PBXFileReference section */
		2E7F97DD2FD025580033B069 /* PingOneMFASample.app */ = {isa = PBXFileReference; explicitFileType = wrapper.application; includeInIndex = 0; path = PingOneMFASample.app; sourceTree = BUILT_PRODUCTS_DIR; };
		2E7F97EA2FD0255A0033B069 /* PingOneMFASampleTests.xctest */ = {isa = PBXFileReference; explicitFileType = wrapper.cfbundle; includeInIndex = 0; path = PingOneMFASampleTests.xctest; sourceTree = BUILT_PRODUCTS_DIR; };
		2E7F97F42FD0255A0033B069 /* PingOneMFASampleUITests.xctest */ = {isa = PBXFileReference; explicitFileType = wrapper.cfbundle; includeInIndex = 0; path = PingOneMFASampleUITests.xctest; sourceTree = BUILT_PRODUCTS_DIR; };
/* End PBXFileReference section */

/* Begin PBXFileSystemSynchronizedBuildFileExceptionSet section */
		2E7F9C3F2FD16FD50033B069 /* Exceptions for "PingOneMFASample" folder in "PingOneMFASample" target */ = {
			isa = PBXFileSystemSynchronizedBuildFileExceptionSet;
			membershipExceptions = (
				Info.plist,
			);
			target = 2E7F97DC2FD025580033B069 /* PingOneMFASample */;
		};
/* End PBXFileSystemSynchronizedBuildFileExceptionSet section */

/* Begin PBXFileSystemSynchronizedRootGroup section */
		2E7F97DF2FD025580033B069 /* PingOneMFASample */ = {
			isa = PBXFileSystemSynchronizedRootGroup;
			exceptions = (
				2E7F9C3F2FD16FD50033B069 /* Exceptions for "PingOneMFASample" folder in "PingOneMFASample" target */,
			);
			path = PingOneMFASample;
			sourceTree = "<group>";
		};
		2E7F97ED2FD0255A0033B069 /* PingOneMFASampleTests */ = {
			isa = PBXFileSystemSynchronizedRootGroup;
			path = PingOneMFASampleTests;
			sourceTree = "<group>";
		};
		2E7F97F72FD0255A0033B069 /* PingOneMFASampleUITests */ = {
			isa = PBXFileSystemSynchronizedRootGroup;
			path = PingOneMFASampleUITests;
			sourceTree = "<group>";
		};
/* End PBXFileSystemSynchronizedRootGroup section */

/* Begin PBXFrameworksBuildPhase section */
		2E7F97DA2FD025580033B069 /* Frameworks */ = {
			isa = PBXFrameworksBuildPhase;
			buildActionMask = 2147483647;
			files = (
				2E7F9A882FD067520033B069 /* PingOneMFA in Frameworks */,
			);
			runOnlyForDeploymentPostprocessing = 0;
		};
		2E7F97E72FD0255A0033B069 /* Frameworks */ = {
			isa = PBXFrameworksBuildPhase;
			buildActionMask = 2147483647;
			files = (
			);
			runOnlyForDeploymentPostprocessing = 0;
		};
		2E7F97F12FD0255A0033B069 /* Frameworks */ = {
			isa = PBXFrameworksBuildPhase;
			buildActionMask = 2147483647;
			files = (
			);
			runOnlyForDeploymentPostprocessing = 0;
		};
/* End PBXFrameworksBuildPhase section */

/* Begin PBXGroup section */
		2E7F97D42FD025580033B069 = {
			isa = PBXGroup;
			children = (
				2E7F97DF2FD025580033B069 /* PingOneMFASample */,
				2E7F97ED2FD0255A0033B069 /* PingOneMFASampleTests */,
				2E7F97F72FD0255A0033B069 /* PingOneMFASampleUITests */,
				2E7F9A862FD067520033B069 /* Frameworks */,
				2E7F97DE2FD025580033B069 /* Products */,
			);
			sourceTree = "<group>";
		};
		2E7F97DE2FD025580033B069 /* Products */ = {
			isa = PBXGroup;
			children = (
				2E7F97DD2FD025580033B069 /* PingOneMFASample.app */,
				2E7F97EA2FD0255A0033B069 /* PingOneMFASampleTests.xctest */,
				2E7F97F42FD0255A0033B069 /* PingOneMFASampleUITests.xctest */,
			);
			name = Products;
			sourceTree = "<group>";
		};
		2E7F9A862FD067520033B069 /* Frameworks */ = {
			isa = PBXGroup;
			children = (
			);
			name = Frameworks;
			sourceTree = "<group>";
		};
/* End PBXGroup section */

/* Begin PBXNativeTarget section */
		2E7F97DC2FD025580033B069 /* PingOneMFASample */ = {
			isa = PBXNativeTarget;
			buildConfigurationList = 2E7F97FE2FD0255A0033B069 /* Build configuration list for PBXNativeTarget "PingOneMFASample" */;
			buildPhases = (
				2E7F97D92FD025580033B069 /* Sources */,
				2E7F97DA2FD025580033B069 /* Frameworks */,
				2E7F97DB2FD025580033B069 /* Resources */,
			);
			buildRules = (
			);
			dependencies = (
			);
			fileSystemSynchronizedGroups = (
				2E7F97DF2FD025580033B069 /* PingOneMFASample */,
			);
			name = PingOneMFASample;
			packageProductDependencies = (
				2E7F9A872FD067520033B069 /* PingOneMFA */,
			);
			productName = PingOneMFASample;
			productReference = 2E7F97DD2FD025580033B069 /* PingOneMFASample.app */;
			productType = "com.apple.product-type.application";
		};
		2E7F97E92FD0255A0033B069 /* PingOneMFASampleTests */ = {
			isa = PBXNativeTarget;
			buildConfigurationList = 2E7F98012FD0255A0033B069 /* Build configuration list for PBXNativeTarget "PingOneMFASampleTests" */;
			buildPhases = (
				2E7F97E62FD0255A0033B069 /* Sources */,
				2E7F97E72FD0255A0033B069 /* Frameworks */,
				2E7F97E82FD0255A0033B069 /* Resources */,
			);
			buildRules = (
			);
			dependencies = (
				2E7F97EC2FD0255A0033B069 /* PBXTargetDependency */,
			);
			fileSystemSynchronizedGroups = (
				2E7F97ED2FD0255A0033B069 /* PingOneMFASampleTests */,
			);
			name = PingOneMFASampleTests;
			packageProductDependencies = (
			);
			productName = PingOneMFASampleTests;
			productReference = 2E7F97EA2FD0255A0033B069 /* PingOneMFASampleTests.xctest */;
			productType = "com.apple.product-type.bundle.unit-test";
		};
		2E7F97F32FD0255A0033B069 /* PingOneMFASampleUITests */ = {
			isa = PBXNativeTarget;
			buildConfigurationList = 2E7F98042FD0255A0033B069 /* Build configuration list for PBXNativeTarget "PingOneMFASampleUITests" */;
			buildPhases = (
				2E7F97F02FD0255A0033B069 /* Sources */,
				2E7F97F12FD0255A0033B069 /* Frameworks */,
				2E7F97F22FD0255A0033B069 /* Resources */,
			);
			buildRules = (
			);
			dependencies = (
				2E7F97F62FD0255A0033B069 /* PBXTargetDependency */,
			);
			fileSystemSynchronizedGroups = (
				2E7F97F72FD0255A0033B069 /* PingOneMFASampleUITests */,
			);
			name = PingOneMFASampleUITests;
			packageProductDependencies = (
			);
			productName = PingOneMFASampleUITests;
			productReference = 2E7F97F42FD0255A0033B069 /* PingOneMFASampleUITests.xctest */;
			productType = "com.apple.product-type.bundle.ui-testing";
		};
/* End PBXNativeTarget section */

/* Begin PBXProject section */
		2E7F97D52FD025580033B069 /* Project object */ = {
			isa = PBXProject;
			attributes = {
				BuildIndependentTargetsInParallel = 1;
				LastSwiftUpdateCheck = 2650;
				LastUpgradeCheck = 2650;
				TargetAttributes = {
					2E7F97DC2FD025580033B069 = {
						CreatedOnToolsVersion = 26.5;
					};
					2E7F97E92FD0255A0033B069 = {
						CreatedOnToolsVersion = 26.5;
						TestTargetID = 2E7F97DC2FD025580033B069;
					};
					2E7F97F32FD0255A0033B069 = {
						CreatedOnToolsVersion = 26.5;
						TestTargetID = 2E7F97DC2FD025580033B069;
					};
				};
			};
			buildConfigurationList = 2E7F97D82FD025580033B069 /* Build configuration list for PBXProject "PingOneMFASample" */;
			developmentRegion = en;
			hasScannedForEncodings = 0;
			knownRegions = (
				en,
				Base,
			);
			mainGroup = 2E7F97D42FD025580033B069;
			minimizedProjectReferenceProxies = 1;
			packageReferences = (
				2E7F99EE2FD04A250033B069 /* XCLocalSwiftPackageReference "../../../../forgerock-ping-ios-sdk" */,
			);
			preferredProjectObjectVersion = 77;
			productRefGroup = 2E7F97DE2FD025580033B069 /* Products */;
			projectDirPath = "";
			projectRoot = "";
			targets = (
				2E7F97DC2FD025580033B069 /* PingOneMFASample */,
				2E7F97E92FD0255A0033B069 /* PingOneMFASampleTests */,
				2E7F97F32FD0255A0033B069 /* PingOneMFASampleUITests */,
			);
		};
/* End PBXProject section */

/* Begin PBXResourcesBuildPhase section */
		2E7F97DB2FD025580033B069 /* Resources */ = {
			isa = PBXResourcesBuildPhase;
			buildActionMask = 2147483647;
			files = (
			);
			runOnlyForDeploymentPostprocessing = 0;
		};
		2E7F97E82FD0255A0033B069 /* Resources */ = {
			isa = PBXResourcesBuildPhase;
			buildActionMask = 2147483647;
			files = (
			);
			runOnlyForDeploymentPostprocessing = 0;
		};
		2E7F97F22FD0255A0033B069 /* Resources */ = {
			isa = PBXResourcesBuildPhase;
			buildActionMask = 2147483647;
			files = (
			);
			runOnlyForDeploymentPostprocessing = 0;
		};
/* End PBXResourcesBuildPhase section */

/* Begin PBXSourcesBuildPhase section */
		2E7F97D92FD025580033B069 /* Sources */ = {
			isa = PBXSourcesBuildPhase;
			buildActionMask = 2147483647;
			files = (
			);
			runOnlyForDeploymentPostprocessing = 0;
		};
		2E7F97E62FD0255A0033B069 /* Sources */ = {
			isa = PBXSourcesBuildPhase;
			buildActionMask = 2147483647;
			files = (
			);
			runOnlyForDeploymentPostprocessing = 0;
		};
		2E7F97F02FD0255A0033B069 /* Sources */ = {
			isa = PBXSourcesBuildPhase;
			buildActionMask = 2147483647;
			files = (
			);
			runOnlyForDeploymentPostprocessing = 0;
		};
/* End PBXSourcesBuildPhase section */

/* Begin PBXTargetDependency section */
		2E7F97EC2FD0255A0033B069 /* PBXTargetDependency */ = {
			isa = PBXTargetDependency;
			target = 2E7F97DC2FD025580033B069 /* PingOneMFASample */;
			targetProxy = 2E7F97EB2FD0255A0033B069 /* PBXContainerItemProxy */;
		};
		2E7F97F62FD0255A0033B069 /* PBXTargetDependency */ = {
			isa = PBXTargetDependency;
			target = 2E7F97DC2FD025580033B069 /* PingOneMFASample */;
			targetProxy = 2E7F97F52FD0255A0033B069 /* PBXContainerItemProxy */;
		};
/* End PBXTargetDependency section */

/* Begin XCBuildConfiguration section */
		2E7F97FC2FD0255A0033B069 /* Debug */ = {
			isa = XCBuildConfiguration;
			buildSettings = {
				ALWAYS_SEARCH_USER_PATHS = NO;
				ASSETCATALOG_COMPILER_GENERATE_SWIFT_ASSET_SYMBOL_EXTENSIONS = YES;
				CLANG_ANALYZER_NONNULL = YES;
				CLANG_ANALYZER_NUMBER_OBJECT_CONVERSION = YES_AGGRESSIVE;
				CLANG_CXX_LANGUAGE_STANDARD = "gnu++20";
				CLANG_ENABLE_MODULES = YES;
				CLANG_ENABLE_OBJC_ARC = YES;
				CLANG_ENABLE_OBJC_WEAK = YES;
				CLANG_WARN_BLOCK_CAPTURE_AUTORELEASING = YES;
				CLANG_WARN_BOOL_CONVERSION = YES;
				CLANG_WARN_COMMA = YES;
				CLANG_WARN_CONSTANT_CONVERSION = YES;
				CLANG_WARN_DEPRECATED_OBJC_IMPLEMENTATIONS = YES;
				CLANG_WARN_DIRECT_OBJC_ISA_USAGE = YES_ERROR;
				CLANG_WARN_DOCUMENTATION_COMMENTS = YES;
				CLANG_WARN_EMPTY_BODY = YES;
				CLANG_WARN_ENUM_CONVERSION = YES;
				CLANG_WARN_INFINITE_RECURSION = YES;
				CLANG_WARN_INT_CONVERSION = YES;
				CLANG_WARN_NON_LITERAL_NULL_CONVERSION = YES;
				CLANG_WARN_OBJC_IMPLICIT_RETAIN_SELF = YES;
				CLANG_WARN_OBJC_LITERAL_CONVERSION = YES;
				CLANG_WARN_OBJC_ROOT_CLASS = YES_ERROR;
				CLANG_WARN_QUOTED_INCLUDE_IN_FRAMEWORK_HEADER = YES;
				CLANG_WARN_RANGE_LOOP_ANALYSIS = YES;
				CLANG_WARN_STRICT_PROTOTYPES = YES;
				CLANG_WARN_SUSPICIOUS_MOVE = YES;
				CLANG_WARN_UNGUARDED_AVAILABILITY = YES_AGGRESSIVE;
				CLANG_WARN_UNREACHABLE_CODE = YES;
				CLANG_WARN__DUPLICATE_METHOD_MATCH = YES;
				COPY_PHASE_STRIP = NO;
				DEBUG_INFORMATION_FORMAT = dwarf;
				ENABLE_STRICT_OBJC_MSGSEND = YES;
				ENABLE_TESTABILITY = YES;
				ENABLE_USER_SCRIPT_SANDBOXING = YES;
				GCC_C_LANGUAGE_STANDARD = gnu17;
				GCC_DYNAMIC_NO_PIC = NO;
				GCC_NO_COMMON_BLOCKS = YES;
				GCC_OPTIMIZATION_LEVEL = 0;
				GCC_PREPROCESSOR_DEFINITIONS = (
					"DEBUG=1",
					"$(inherited)",
				);
				GCC_WARN_64_TO_32_BIT_CONVERSION = YES;
				GCC_WARN_ABOUT_RETURN_TYPE = YES_ERROR;
				GCC_WARN_UNDECLARED_SELECTOR = YES;
				GCC_WARN_UNINITIALIZED_AUTOS = YES_AGGRESSIVE;
				GCC_WARN_UNUSED_FUNCTION = YES;
				GCC_WARN_UNUSED_VARIABLE = YES;
				IPHONEOS_DEPLOYMENT_TARGET = 26.5;
				LOCALIZATION_PREFERS_STRING_CATALOGS = YES;
				MTL_ENABLE_DEBUG_INFO = INCLUDE_SOURCE;
				MTL_FAST_MATH = YES;
				ONLY_ACTIVE_ARCH = YES;
				SDKROOT = iphoneos;
				SWIFT_ACTIVE_COMPILATION_CONDITIONS = "DEBUG $(inherited)";
				SWIFT_OPTIMIZATION_LEVEL = "-Onone";
			};
			name = Debug;
		};
		2E7F97FD2FD0255A0033B069 /* Release */ = {
			isa = XCBuildConfiguration;
			buildSettings = {
				ALWAYS_SEARCH_USER_PATHS = NO;
				ASSETCATALOG_COMPILER_GENERATE_SWIFT_ASSET_SYMBOL_EXTENSIONS = YES;
				CLANG_ANALYZER_NONNULL = YES;
				CLANG_ANALYZER_NUMBER_OBJECT_CONVERSION = YES_AGGRESSIVE;
				CLANG_CXX_LANGUAGE_STANDARD = "gnu++20";
				CLANG_ENABLE_MODULES = YES;
				CLANG_ENABLE_OBJC_ARC = YES;
				CLANG_ENABLE_OBJC_WEAK = YES;
				CLANG_WARN_BLOCK_CAPTURE_AUTORELEASING = YES;
				CLANG_WARN_BOOL_CONVERSION = YES;
				CLANG_WARN_COMMA = YES;
				CLANG_WARN_CONSTANT_CONVERSION = YES;
				CLANG_WARN_DEPRECATED_OBJC_IMPLEMENTATIONS = YES;
				CLANG_WARN_DIRECT_OBJC_ISA_USAGE = YES_ERROR;
				CLANG_WARN_DOCUMENTATION_COMMENTS = YES;
				CLANG_WARN_EMPTY_BODY = YES;
				CLANG_WARN_ENUM_CONVERSION = YES;
				CLANG_WARN_INFINITE_RECURSION = YES;
				CLANG_WARN_INT_CONVERSION = YES;
				CLANG_WARN_NON_LITERAL_NULL_CONVERSION = YES;
				CLANG_WARN_OBJC_IMPLICIT_RETAIN_SELF = YES;
				CLANG_WARN_OBJC_LITERAL_CONVERSION = YES;
				CLANG_WARN_OBJC_ROOT_CLASS = YES_ERROR;
				CLANG_WARN_QUOTED_INCLUDE_IN_FRAMEWORK_HEADER = YES;
				CLANG_WARN_RANGE_LOOP_ANALYSIS = YES;
				CLANG_WARN_STRICT_PROTOTYPES = YES;
				CLANG_WARN_SUSPICIOUS_MOVE = YES;
				CLANG_WARN_UNGUARDED_AVAILABILITY = YES_AGGRESSIVE;
				CLANG_WARN_UNREACHABLE_CODE = YES;
				CLANG_WARN__DUPLICATE_METHOD_MATCH = YES;
				COPY_PHASE_STRIP = NO;
				DEBUG_INFORMATION_FORMAT = "dwarf-with-dsym";
				ENABLE_NS_ASSERTIONS = NO;
				ENABLE_STRICT_OBJC_MSGSEND = YES;
				ENABLE_USER_SCRIPT_SANDBOXING = YES;
				GCC_C_LANGUAGE_STANDARD = gnu17;
				GCC_NO_COMMON_BLOCKS = YES;
				GCC_WARN_64_TO_32_BIT_CONVERSION = YES;
				GCC_WARN_ABOUT_RETURN_TYPE = YES_ERROR;
				GCC_WARN_UNDECLARED_SELECTOR = YES;
				GCC_WARN_UNINITIALIZED_AUTOS = YES_AGGRESSIVE;
				GCC_WARN_UNUSED_FUNCTION = YES;
				GCC_WARN_UNUSED_VARIABLE = YES;
				IPHONEOS_DEPLOYMENT_TARGET = 26.5;
				LOCALIZATION_PREFERS_STRING_CATALOGS = YES;
				MTL_ENABLE_DEBUG_INFO = NO;
				MTL_FAST_MATH = YES;
				SDKROOT = iphoneos;
				SWIFT_COMPILATION_MODE = wholemodule;
				VALIDATE_PRODUCT = YES;
			};
			name = Release;
		};
		2E7F97FF2FD0255A0033B069 /* Debug */ = {
			isa = XCBuildConfiguration;
			buildSettings = {
				ASSETCATALOG_COMPILER_APPICON_NAME = AppIcon;
				ASSETCATALOG_COMPILER_GLOBAL_ACCENT_COLOR_NAME = AccentColor;
				CODE_SIGN_STYLE = Automatic;
				CURRENT_PROJECT_VERSION = 1;
				DEVELOPMENT_TEAM = GNW34Q5DF9;
				ENABLE_PREVIEWS = YES;
				GENERATE_INFOPLIST_FILE = YES;
				INFOPLIST_FILE = PingOneMFASample/Info.plist;
				INFOPLIST_KEY_CFBundleDisplayName = "PingOne MFA Sample";
				INFOPLIST_KEY_LSApplicationCategoryType = "public.app-category.utilities";
				INFOPLIST_KEY_NSCameraUsageDescription = "This app uses the camera to scan QR codes for pairing with PingOne MFA.";
				INFOPLIST_KEY_UIApplicationSceneManifest_Generation = YES;
				INFOPLIST_KEY_UIApplicationSupportsIndirectInputEvents = YES;
				INFOPLIST_KEY_UILaunchScreen_Generation = YES;
				INFOPLIST_KEY_UISupportedInterfaceOrientations = UIInterfaceOrientationPortrait;
				LD_RUNPATH_SEARCH_PATHS = (
					"$(inherited)",
					"@executable_path/Frameworks",
				);
				MARKETING_VERSION = 1.0;
				PRODUCT_BUNDLE_IDENTIFIER = com.pingidentity.PingOneMFASample;
				PRODUCT_NAME = "$(TARGET_NAME)";
				STRING_CATALOG_GENERATE_SYMBOLS = YES;
				SWIFT_APPROACHABLE_CONCURRENCY = YES;
				SWIFT_DEFAULT_ACTOR_ISOLATION = MainActor;
				SWIFT_EMIT_LOC_STRINGS = YES;
				SWIFT_UPCOMING_FEATURE_MEMBER_IMPORT_VISIBILITY = YES;
				SWIFT_VERSION = 5.0;
				TARGETED_DEVICE_FAMILY = "1,2";
			};
			name = Debug;
		};
		2E7F98002FD0255A0033B069 /* Release */ = {
			isa = XCBuildConfiguration;
			buildSettings = {
				ASSETCATALOG_COMPILER_APPICON_NAME = AppIcon;
				ASSETCATALOG_COMPILER_GLOBAL_ACCENT_COLOR_NAME = AccentColor;
				CODE_SIGN_STYLE = Automatic;
				CURRENT_PROJECT_VERSION = 1;
				DEVELOPMENT_TEAM = GNW34Q5DF9;
				ENABLE_PREVIEWS = YES;
				GENERATE_INFOPLIST_FILE = YES;
				INFOPLIST_FILE = PingOneMFASample/Info.plist;
				INFOPLIST_KEY_CFBundleDisplayName = "PingOne MFA Sample";
				INFOPLIST_KEY_LSApplicationCategoryType = "public.app-category.utilities";
				INFOPLIST_KEY_NSCameraUsageDescription = "This app uses the camera to scan QR codes for pairing with PingOne MFA.";
				INFOPLIST_KEY_UIApplicationSceneManifest_Generation = YES;
				INFOPLIST_KEY_UIApplicationSupportsIndirectInputEvents = YES;
				INFOPLIST_KEY_UILaunchScreen_Generation = YES;
				INFOPLIST_KEY_UISupportedInterfaceOrientations = UIInterfaceOrientationPortrait;
				LD_RUNPATH_SEARCH_PATHS = (
					"$(inherited)",
					"@executable_path/Frameworks",
				);
				MARKETING_VERSION = 1.0;
				PRODUCT_BUNDLE_IDENTIFIER = com.pingidentity.PingOneMFASample;
				PRODUCT_NAME = "$(TARGET_NAME)";
				STRING_CATALOG_GENERATE_SYMBOLS = YES;
				SWIFT_APPROACHABLE_CONCURRENCY = YES;
				SWIFT_DEFAULT_ACTOR_ISOLATION = MainActor;
				SWIFT_EMIT_LOC_STRINGS = YES;
				SWIFT_UPCOMING_FEATURE_MEMBER_IMPORT_VISIBILITY = YES;
				SWIFT_VERSION = 5.0;
				TARGETED_DEVICE_FAMILY = "1,2";
			};
			name = Release;
		};
		2E7F98022FD0255A0033B069 /* Debug */ = {
			isa = XCBuildConfiguration;
			buildSettings = {
				BUNDLE_LOADER = "$(TEST_HOST)";
				CODE_SIGN_STYLE = Automatic;
				CURRENT_PROJECT_VERSION = 1;
				GENERATE_INFOPLIST_FILE = YES;
				IPHONEOS_DEPLOYMENT_TARGET = 26.5;
				MARKETING_VERSION = 1.0;
				PRODUCT_BUNDLE_IDENTIFIER = com.pingidentity.MfaSample.PingOneMFASampleTests;
				PRODUCT_NAME = "$(TARGET_NAME)";
				STRING_CATALOG_GENERATE_SYMBOLS = NO;
				SWIFT_APPROACHABLE_CONCURRENCY = YES;
				SWIFT_EMIT_LOC_STRINGS = NO;
				SWIFT_UPCOMING_FEATURE_MEMBER_IMPORT_VISIBILITY = YES;
				SWIFT_VERSION = 5.0;
				TARGETED_DEVICE_FAMILY = "1,2";
				TEST_HOST = "$(BUILT_PRODUCTS_DIR)/PingOneMFASample.app/$(BUNDLE_EXECUTABLE_FOLDER_PATH)/PingOneMFASample";
			};
			name = Debug;
		};
		2E7F98032FD0255A0033B069 /* Release */ = {
			isa = XCBuildConfiguration;
			buildSettings = {
				BUNDLE_LOADER = "$(TEST_HOST)";
				CODE_SIGN_STYLE = Automatic;
				CURRENT_PROJECT_VERSION = 1;
				GENERATE_INFOPLIST_FILE = YES;
				IPHONEOS_DEPLOYMENT_TARGET = 26.5;
				MARKETING_VERSION = 1.0;
				PRODUCT_BUNDLE_IDENTIFIER = com.pingidentity.MfaSample.PingOneMFASampleTests;
				PRODUCT_NAME = "$(TARGET_NAME)";
				STRING_CATALOG_GENERATE_SYMBOLS = NO;
				SWIFT_APPROACHABLE_CONCURRENCY = YES;
				SWIFT_EMIT_LOC_STRINGS = NO;
				SWIFT_UPCOMING_FEATURE_MEMBER_IMPORT_VISIBILITY = YES;
				SWIFT_VERSION = 5.0;
				TARGETED_DEVICE_FAMILY = "1,2";
				TEST_HOST = "$(BUILT_PRODUCTS_DIR)/PingOneMFASample.app/$(BUNDLE_EXECUTABLE_FOLDER_PATH)/PingOneMFASample";
			};
			name = Release;
		};
		2E7F98052FD0255A0033B069 /* Debug */ = {
			isa = XCBuildConfiguration;
			buildSettings = {
				CODE_SIGN_STYLE = Automatic;
				CURRENT_PROJECT_VERSION = 1;
				GENERATE_INFOPLIST_FILE = YES;
				MARKETING_VERSION = 1.0;
				PRODUCT_BUNDLE_IDENTIFIER = com.pingidentity.MfaSample.PingOneMFASampleUITests;
				PRODUCT_NAME = "$(TARGET_NAME)";
				STRING_CATALOG_GENERATE_SYMBOLS = NO;
				SWIFT_APPROACHABLE_CONCURRENCY = YES;
				SWIFT_EMIT_LOC_STRINGS = NO;
				SWIFT_UPCOMING_FEATURE_MEMBER_IMPORT_VISIBILITY = YES;
				SWIFT_VERSION = 5.0;
				TARGETED_DEVICE_FAMILY = "1,2";
				TEST_TARGET_NAME = PingOneMFASample;
			};
			name = Debug;
		};
		2E7F98062FD0255A0033B069 /* Release */ = {
			isa = XCBuildConfiguration;
			buildSettings = {
				CODE_SIGN_STYLE = Automatic;
				CURRENT_PROJECT_VERSION = 1;
				GENERATE_INFOPLIST_FILE = YES;
				MARKETING_VERSION = 1.0;
				PRODUCT_BUNDLE_IDENTIFIER = com.pingidentity.MfaSample.PingOneMFASampleUITests;
				PRODUCT_NAME = "$(TARGET_NAME)";
				STRING_CATALOG_GENERATE_SYMBOLS = NO;
				SWIFT_APPROACHABLE_CONCURRENCY = YES;
				SWIFT_EMIT_LOC_STRINGS = NO;
				SWIFT_UPCOMING_FEATURE_MEMBER_IMPORT_VISIBILITY = YES;
				SWIFT_VERSION = 5.0;
				TARGETED_DEVICE_FAMILY = "1,2";
				TEST_TARGET_NAME = PingOneMFASample;
			};
			name = Release;
		};
/* End XCBuildConfiguration section */

/* Begin XCConfigurationList section */
		2E7F97D82FD025580033B069 /* Build configuration list for PBXProject "PingOneMFASample" */ = {
			isa = XCConfigurationList;
			buildConfigurations = (
				2E7F97FC2FD0255A0033B069 /* Debug */,
				2E7F97FD2FD0255A0033B069 /* Release */,
			);
			defaultConfigurationIsVisible = 0;
			defaultConfigurationName = Release;
		};
		2E7F97FE2FD0255A0033B069 /* Build configuration list for PBXNativeTarget "PingOneMFASample" */ = {
			isa = XCConfigurationList;
			buildConfigurations = (
				2E7F97FF2FD0255A0033B069 /* Debug */,
				2E7F98002FD0255A0033B069 /* Release */,
			);
			defaultConfigurationIsVisible = 0;
			defaultConfigurationName = Release;
		};
		2E7F98012FD0255A0033B069 /* Build configuration list for PBXNativeTarget "PingOneMFASampleTests" */ = {
			isa = XCConfigurationList;
			buildConfigurations = (
				2E7F98022FD0255A0033B069 /* Debug */,
				2E7F98032FD0255A0033B069 /* Release */,
			);
			defaultConfigurationIsVisible = 0;
			defaultConfigurationName = Release;
		};
		2E7F98042FD0255A0033B069 /* Build configuration list for PBXNativeTarget "PingOneMFASampleUITests" */ = {
			isa = XCConfigurationList;
			buildConfigurations = (
				2E7F98052FD0255A0033B069 /* Debug */,
				2E7F98062FD0255A0033B069 /* Release */,
			);
			defaultConfigurationIsVisible = 0;
			defaultConfigurationName = Release;
		};
/* End XCConfigurationList section */

/* Begin XCLocalSwiftPackageReference section */
		2E7F99EE2FD04A250033B069 /* XCLocalSwiftPackageReference "../../../../forgerock-ping-ios-sdk" */ = {
			isa = XCLocalSwiftPackageReference;
			relativePath = "../../../../forgerock-ping-ios-sdk";
		};
/* End XCLocalSwiftPackageReference section */

/* Begin XCSwiftPackageProductDependency section */
		2E7F9A872FD067520033B069 /* PingOneMFA */ = {
			isa = XCSwiftPackageProductDependency;
			package = 2E7F99EE2FD04A250033B069 /* XCLocalSwiftPackageReference "../../../../forgerock-ping-ios-sdk" */;
			productName = PingOneMFA;
		};
/* End XCSwiftPackageProductDependency section */
	};
	rootObject = 2E7F97D52FD025580033B069 /* Project object */;
}
