// !$*UTF8*$!
{
	archiveVersion = 1;
	classes = {
	};
	objectVersion = 77;
	objects = {

/* Begin PBXBuildFile section */
		ECC5A5B92EE842E90034504A /* PingBrowser in Frameworks */ = {isa = PBXBuildFile; productRef = ECC5A5B82EE842E90034504A /* PingBrowser */; };
		ECC5A5BB2EE842E90034504A /* PingDavinci in Frameworks */ = {isa = PBXBuildFile; productRef = ECC5A5BA2EE842E90034504A /* PingDavinci */; };
		ECC5A5BD2EE842E90034504A /* PingLogger in Frameworks */ = {isa = PBXBuildFile; productRef = ECC5A5BC2EE842E90034504A /* PingLogger */; };
		ECC5A5BF2EE842E90034504A /* PingOidc in Frameworks */ = {isa = PBXBuildFile; productRef = ECC5A5BE2EE842E90034504A /* PingOidc */; };
		ECC5A5C12EE842E90034504A /* PingOrchestrate in Frameworks */ = {isa = PBXBuildFile; productRef = ECC5A5C02EE842E90034504A /* PingOrchestrate */; };
		ECC5A5C32EE842E90034504A /* PingProtect in Frameworks */ = {isa = PBXBuildFile; productRef = ECC5A5C22EE842E90034504A /* PingProtect */; };
		ECC5A5C52EE842E90034504A /* PingStorage in Frameworks */ = {isa = PBXBuildFile; productRef = ECC5A5C42EE842E90034504A /* PingStorage */; };
/* End PBXBuildFile section */

/* Begin PBXContainerItemProxy section */
		ECC5A5782EE841E10034504A /* PBXContainerItemProxy */ = {
			isa = PBXContainerItemProxy;
			containerPortal = ECC5A5622EE841DF0034504A /* Project object */;
			proxyType = 1;
			remoteGlobalIDString = ECC5A5692EE841DF0034504A;
			remoteInfo = OidcExample;
		};
		ECC5A5822EE841E10034504A /* PBXContainerItemProxy */ = {
			isa = PBXContainerItemProxy;
			containerPortal = ECC5A5622EE841DF0034504A /* Project object */;
			proxyType = 1;
			remoteGlobalIDString = ECC5A5692EE841DF0034504A;
			remoteInfo = OidcExample;
		};
/* End PBXContainerItemProxy section */

/* Begin PBXFileReference section */
		ECC5A56A2EE841DF0034504A /* OidcExample.app */ = {isa = PBXFileReference; explicitFileType = wrapper.application; includeInIndex = 0; path = OidcExample.app; sourceTree = BUILT_PRODUCTS_DIR; };
		ECC5A5772EE841E10034504A /* OidcExampleTests.xctest */ = {isa = PBXFileReference; explicitFileType = wrapper.cfbundle; includeInIndex = 0; path = OidcExampleTests.xctest; sourceTree = BUILT_PRODUCTS_DIR; };
		ECC5A5812EE841E10034504A /* OidcExampleUITests.xctest */ = {isa = PBXFileReference; explicitFileType = wrapper.cfbundle; includeInIndex = 0; path = OidcExampleUITests.xctest; sourceTree = BUILT_PRODUCTS_DIR; };
/* End PBXFileReference section */

/* Begin PBXFileSystemSynchronizedRootGroup section */
		ECC5A56C2EE841DF0034504A /* OidcExample */ = {
			isa = PBXFileSystemSynchronizedRootGroup;
			path = OidcExample;
			sourceTree = "<group>";
		};
/* End PBXFileSystemSynchronizedRootGroup section */

/* Begin PBXFrameworksBuildPhase section */
		ECC5A5672EE841DF0034504A /* Frameworks */ = {
			isa = PBXFrameworksBuildPhase;
			buildActionMask = 2147483647;
			files = (
				ECC5A5C12EE842E90034504A /* PingOrchestrate in Frameworks */,
				ECC5A5C52EE842E90034504A /* PingStorage in Frameworks */,
				ECC5A5BD2EE842E90034504A /* PingLogger in Frameworks */,
				ECC5A5C32EE842E90034504A /* PingProtect in Frameworks */,
				ECC5A5BF2EE842E90034504A /* PingOidc in Frameworks */,
				ECC5A5B92EE842E90034504A /* PingBrowser in Frameworks */,
				ECC5A5BB2EE842E90034504A /* PingDavinci in Frameworks */,
			);
			runOnlyForDeploymentPostprocessing = 0;
		};
		ECC5A5742EE841E10034504A /* Frameworks */ = {
			isa = PBXFrameworksBuildPhase;
			buildActionMask = 2147483647;
			files = (
			);
			runOnlyForDeploymentPostprocessing = 0;
		};
		ECC5A57E2EE841E10034504A /* Frameworks */ = {
			isa = PBXFrameworksBuildPhase;
			buildActionMask = 2147483647;
			files = (
			);
			runOnlyForDeploymentPostprocessing = 0;
		};
/* End PBXFrameworksBuildPhase section */

/* Begin PBXGroup section */
		ECC5A5612EE841DF0034504A = {
			isa = PBXGroup;
			children = (
				ECC5A56C2EE841DF0034504A /* OidcExample */,
				ECC5A56B2EE841DF0034504A /* Products */,
			);
			sourceTree = "<group>";
		};
		ECC5A56B2EE841DF0034504A /* Products */ = {
			isa = PBXGroup;
			children = (
				ECC5A56A2EE841DF0034504A /* OidcExample.app */,
				ECC5A5772EE841E10034504A /* OidcExampleTests.xctest */,
				ECC5A5812EE841E10034504A /* OidcExampleUITests.xctest */,
			);
			name = Products;
			sourceTree = "<group>";
		};
/* End PBXGroup section */

/* Begin PBXNativeTarget section */
		ECC5A5692EE841DF0034504A /* OidcExample */ = {
			isa = PBXNativeTarget;
			buildConfigurationList = ECC5A58B2EE841E10034504A /* Build configuration list for PBXNativeTarget "OidcExample" */;
			buildPhases = (
				ECC5A5662EE841DF0034504A /* Sources */,
				ECC5A5672EE841DF0034504A /* Frameworks */,
				ECC5A5682EE841DF0034504A /* Resources */,
			);
			buildRules = (
			);
			dependencies = (
			);
			fileSystemSynchronizedGroups = (
				ECC5A56C2EE841DF0034504A /* OidcExample */,
			);
			name = OidcExample;
			packageProductDependencies = (
				ECC5A5B82EE842E90034504A /* PingBrowser */,
				ECC5A5BA2EE842E90034504A /* PingDavinci */,
				ECC5A5BC2EE842E90034504A /* PingLogger */,
				ECC5A5BE2EE842E90034504A /* PingOidc */,
				ECC5A5C02EE842E90034504A /* PingOrchestrate */,
				ECC5A5C22EE842E90034504A /* PingProtect */,
				ECC5A5C42EE842E90034504A /* PingStorage */,
			);
			productName = OidcExample;
			productReference = ECC5A56A2EE841DF0034504A /* OidcExample.app */;
			productType = "com.apple.product-type.application";
		};
		ECC5A5762EE841E10034504A /* OidcExampleTests */ = {
			isa = PBXNativeTarget;
			buildConfigurationList = ECC5A58E2EE841E10034504A /* Build configuration list for PBXNativeTarget "OidcExampleTests" */;
			buildPhases = (
				ECC5A5732EE841E10034504A /* Sources */,
				ECC5A5742EE841E10034504A /* Frameworks */,
				ECC5A5752EE841E10034504A /* Resources */,
			);
			buildRules = (
			);
			dependencies = (
				ECC5A5792EE841E10034504A /* PBXTargetDependency */,
			);
			name = OidcExampleTests;
			packageProductDependencies = (
			);
			productName = OidcExampleTests;
			productReference = ECC5A5772EE841E10034504A /* OidcExampleTests.xctest */;
			productType = "com.apple.product-type.bundle.unit-test";
		};
		ECC5A5802EE841E10034504A /* OidcExampleUITests */ = {
			isa = PBXNativeTarget;
			buildConfigurationList = ECC5A5912EE841E10034504A /* Build configuration list for PBXNativeTarget "OidcExampleUITests" */;
			buildPhases = (
				ECC5A57D2EE841E10034504A /* Sources */,
				ECC5A57E2EE841E10034504A /* Frameworks */,
				ECC5A57F2EE841E10034504A /* Resources */,
			);
			buildRules = (
			);
			dependencies = (
				ECC5A5832EE841E10034504A /* PBXTargetDependency */,
			);
			name = OidcExampleUITests;
			packageProductDependencies = (
			);
			productName = OidcExampleUITests;
			productReference = ECC5A5812EE841E10034504A /* OidcExampleUITests.xctest */;
			productType = "com.apple.product-type.bundle.ui-testing";
		};
/* End PBXNativeTarget section */

/* Begin PBXProject section */
		ECC5A5622EE841DF0034504A /* Project object */ = {
			isa = PBXProject;
			attributes = {
				BuildIndependentTargetsInParallel = 1;
				LastSwiftUpdateCheck = 2610;
				LastUpgradeCheck = 2610;
				TargetAttributes = {
					ECC5A5692EE841DF0034504A = {
						CreatedOnToolsVersion = 26.1.1;
					};
					ECC5A5762EE841E10034504A = {
						CreatedOnToolsVersion = 26.1.1;
						TestTargetID = ECC5A5692EE841DF0034504A;
					};
					ECC5A5802EE841E10034504A = {
						CreatedOnToolsVersion = 26.1.1;
						TestTargetID = ECC5A5692EE841DF0034504A;
					};
				};
			};
			buildConfigurationList = ECC5A5652EE841DF0034504A /* Build configuration list for PBXProject "OidcExample" */;
			developmentRegion = en;
			hasScannedForEncodings = 0;
			knownRegions = (
				en,
				Base,
			);
			mainGroup = ECC5A5612EE841DF0034504A;
			minimizedProjectReferenceProxies = 1;
			packageReferences = (
				ECC5A5B72EE842E90034504A /* XCRemoteSwiftPackageReference "ping-ios-sdk" */,
			);
			preferredProjectObjectVersion = 77;
			productRefGroup = ECC5A56B2EE841DF0034504A /* Products */;
			projectDirPath = "";
			projectRoot = "";
			targets = (
				ECC5A5692EE841DF0034504A /* OidcExample */,
				ECC5A5762EE841E10034504A /* OidcExampleTests */,
				ECC5A5802EE841E10034504A /* OidcExampleUITests */,
			);
		};
/* End PBXProject section */

/* Begin PBXResourcesBuildPhase section */
		ECC5A5682EE841DF0034504A /* Resources */ = {
			isa = PBXResourcesBuildPhase;
			buildActionMask = 2147483647;
			files = (
			);
			runOnlyForDeploymentPostprocessing = 0;
		};
		ECC5A5752EE841E10034504A /* Resources */ = {
			isa = PBXResourcesBuildPhase;
			buildActionMask = 2147483647;
			files = (
			);
			runOnlyForDeploymentPostprocessing = 0;
		};
		ECC5A57F2EE841E10034504A /* Resources */ = {
			isa = PBXResourcesBuildPhase;
			buildActionMask = 2147483647;
			files = (
			);
			runOnlyForDeploymentPostprocessing = 0;
		};
/* End PBXResourcesBuildPhase section */

/* Begin PBXSourcesBuildPhase section */
		ECC5A5662EE841DF0034504A /* Sources */ = {
			isa = PBXSourcesBuildPhase;
			buildActionMask = 2147483647;
			files = (
			);
			runOnlyForDeploymentPostprocessing = 0;
		};
		ECC5A5732EE841E10034504A /* Sources */ = {
			isa = PBXSourcesBuildPhase;
			buildActionMask = 2147483647;
			files = (
			);
			runOnlyForDeploymentPostprocessing = 0;
		};
		ECC5A57D2EE841E10034504A /* Sources */ = {
			isa = PBXSourcesBuildPhase;
			buildActionMask = 2147483647;
			files = (
			);
			runOnlyForDeploymentPostprocessing = 0;
		};
/* End PBXSourcesBuildPhase section */

/* Begin PBXTargetDependency section */
		ECC5A5792EE841E10034504A /* PBXTargetDependency */ = {
			isa = PBXTargetDependency;
			target = ECC5A5692EE841DF0034504A /* OidcExample */;
			targetProxy = ECC5A5782EE841E10034504A /* PBXContainerItemProxy */;
		};
		ECC5A5832EE841E10034504A /* PBXTargetDependency */ = {
			isa = PBXTargetDependency;
			target = ECC5A5692EE841DF0034504A /* OidcExample */;
			targetProxy = ECC5A5822EE841E10034504A /* PBXContainerItemProxy */;
		};
/* End PBXTargetDependency section */

/* Begin XCBuildConfiguration section */
		ECC5A5892EE841E10034504A /* Debug */ = {
			isa = XCBuildConfiguration;
			buildSettings = {
				ALWAYS_SEARCH_USER_PATHS = NO;
				ASSETCATALOG_COMPILER_GENERATE_SWIFT_ASSET_SYMBOL_EXTENSIONS = YES;
				CLANG_ANALYZER_NONNULL = YES;
				CLANG_ANALYZER_NUMBER_OBJECT_CONVERSION = YES_AGGRESSIVE;
				CLANG_CXX_LANGUAGE_STANDARD = "gnu++20";
				CLANG_ENABLE_MODULES = YES;
				CLANG_ENABLE_OBJC_ARC = YES;
				CLANG_ENABLE_OBJC_WEAK = YES;
				CLANG_WARN_BLOCK_CAPTURE_AUTORELEASING = YES;
				CLANG_WARN_BOOL_CONVERSION = YES;
				CLANG_WARN_COMMA = YES;
				CLANG_WARN_CONSTANT_CONVERSION = YES;
				CLANG_WARN_DEPRECATED_OBJC_IMPLEMENTATIONS = YES;
				CLANG_WARN_DIRECT_OBJC_ISA_USAGE = YES_ERROR;
				CLANG_WARN_DOCUMENTATION_COMMENTS = YES;
				CLANG_WARN_EMPTY_BODY = YES;
				CLANG_WARN_ENUM_CONVERSION = YES;
				CLANG_WARN_INFINITE_RECURSION = YES;
				CLANG_WARN_INT_CONVERSION = YES;
				CLANG_WARN_NON_LITERAL_NULL_CONVERSION = YES;
				CLANG_WARN_OBJC_IMPLICIT_RETAIN_SELF = YES;
				CLANG_WARN_OBJC_LITERAL_CONVERSION = YES;
				CLANG_WARN_OBJC_ROOT_CLASS = YES_ERROR;
				CLANG_WARN_QUOTED_INCLUDE_IN_FRAMEWORK_HEADER = YES;
				CLANG_WARN_RANGE_LOOP_ANALYSIS = YES;
				CLANG_WARN_STRICT_PROTOTYPES = YES;
				CLANG_WARN_SUSPICIOUS_MOVE = YES;
				CLANG_WARN_UNGUARDED_AVAILABILITY = YES_AGGRESSIVE;
				CLANG_WARN_UNREACHABLE_CODE = YES;
				CLANG_WARN__DUPLICATE_METHOD_MATCH = YES;
				COPY_PHASE_STRIP = NO;
				DEBUG_INFORMATION_FORMAT = dwarf;
				DEVELOPMENT_TEAM = 9QSE66762D;
				ENABLE_STRICT_OBJC_MSGSEND = YES;
				ENABLE_TESTABILITY = YES;
				ENABLE_USER_SCRIPT_SANDBOXING = YES;
				GCC_C_LANGUAGE_STANDARD = gnu17;
				GCC_DYNAMIC_NO_PIC = NO;
				GCC_NO_COMMON_BLOCKS = YES;
				GCC_OPTIMIZATION_LEVEL = 0;
				GCC_PREPROCESSOR_DEFINITIONS = (
					"DEBUG=1",
					"$(inherited)",
				);
				GCC_WARN_64_TO_32_BIT_CONVERSION = YES;
				GCC_WARN_ABOUT_RETURN_TYPE = YES_ERROR;
				GCC_WARN_UNDECLARED_SELECTOR = YES;
				GCC_WARN_UNINITIALIZED_AUTOS = YES_AGGRESSIVE;
				GCC_WARN_UNUSED_FUNCTION = YES;
				GCC_WARN_UNUSED_VARIABLE = YES;
				IPHONEOS_DEPLOYMENT_TARGET = 26.1;
				LOCALIZATION_PREFERS_STRING_CATALOGS = YES;
				MTL_ENABLE_DEBUG_INFO = INCLUDE_SOURCE;
				MTL_FAST_MATH = YES;
				ONLY_ACTIVE_ARCH = YES;
				SDKROOT = iphoneos;
				SWIFT_ACTIVE_COMPILATION_CONDITIONS = "DEBUG $(inherited)";
				SWIFT_OPTIMIZATION_LEVEL = "-Onone";
			};
			name = Debug;
		};
		ECC5A58A2EE841E10034504A /* Release */ = {
			isa = XCBuildConfiguration;
			buildSettings = {
				ALWAYS_SEARCH_USER_PATHS = NO;
				ASSETCATALOG_COMPILER_GENERATE_SWIFT_ASSET_SYMBOL_EXTENSIONS = YES;
				CLANG_ANALYZER_NONNULL = YES;
				CLANG_ANALYZER_NUMBER_OBJECT_CONVERSION = YES_AGGRESSIVE;
				CLANG_CXX_LANGUAGE_STANDARD = "gnu++20";
				CLANG_ENABLE_MODULES = YES;
				CLANG_ENABLE_OBJC_ARC = YES;
				CLANG_ENABLE_OBJC_WEAK = YES;
				CLANG_WARN_BLOCK_CAPTURE_AUTORELEASING = YES;
				CLANG_WARN_BOOL_CONVERSION = YES;
				CLANG_WARN_COMMA = YES;
				CLANG_WARN_CONSTANT_CONVERSION = YES;
				CLANG_WARN_DEPRECATED_OBJC_IMPLEMENTATIONS = YES;
				CLANG_WARN_DIRECT_OBJC_ISA_USAGE = YES_ERROR;
				CLANG_WARN_DOCUMENTATION_COMMENTS = YES;
				CLANG_WARN_EMPTY_BODY = YES;
				CLANG_WARN_ENUM_CONVERSION = YES;
				CLANG_WARN_INFINITE_RECURSION = YES;
				CLANG_WARN_INT_CONVERSION = YES;
				CLANG_WARN_NON_LITERAL_NULL_CONVERSION = YES;
				CLANG_WARN_OBJC_IMPLICIT_RETAIN_SELF = YES;
				CLANG_WARN_OBJC_LITERAL_CONVERSION = YES;
				CLANG_WARN_OBJC_ROOT_CLASS = YES_ERROR;
				CLANG_WARN_QUOTED_INCLUDE_IN_FRAMEWORK_HEADER = YES;
				CLANG_WARN_RANGE_LOOP_ANALYSIS = YES;
				CLANG_WARN_STRICT_PROTOTYPES = YES;
				CLANG_WARN_SUSPICIOUS_MOVE = YES;
				CLANG_WARN_UNGUARDED_AVAILABILITY = YES_AGGRESSIVE;
				CLANG_WARN_UNREACHABLE_CODE = YES;
				CLANG_WARN__DUPLICATE_METHOD_MATCH = YES;
				COPY_PHASE_STRIP = NO;
				DEBUG_INFORMATION_FORMAT = "dwarf-with-dsym";
				DEVELOPMENT_TEAM = 9QSE66762D;
				ENABLE_NS_ASSERTIONS = NO;
				ENABLE_STRICT_OBJC_MSGSEND = YES;
				ENABLE_USER_SCRIPT_SANDBOXING = YES;
				GCC_C_LANGUAGE_STANDARD = gnu17;
				GCC_NO_COMMON_BLOCKS = YES;
				GCC_WARN_64_TO_32_BIT_CONVERSION = YES;
				GCC_WARN_ABOUT_RETURN_TYPE = YES_ERROR;
				GCC_WARN_UNDECLARED_SELECTOR = YES;
				GCC_WARN_UNINITIALIZED_AUTOS = YES_AGGRESSIVE;
				GCC_WARN_UNUSED_FUNCTION = YES;
				GCC_WARN_UNUSED_VARIABLE = YES;
				IPHONEOS_DEPLOYMENT_TARGET = 26.1;
				LOCALIZATION_PREFERS_STRING_CATALOGS = YES;
				MTL_ENABLE_DEBUG_INFO = NO;
				MTL_FAST_MATH = YES;
				SDKROOT = iphoneos;
				SWIFT_COMPILATION_MODE = wholemodule;
				VALIDATE_PRODUCT = YES;
			};
			name = Release;
		};
		ECC5A58C2EE841E10034504A /* Debug */ = {
			isa = XCBuildConfiguration;
			buildSettings = {
				ASSETCATALOG_COMPILER_APPICON_NAME = AppIcon;
				ASSETCATALOG_COMPILER_GLOBAL_ACCENT_COLOR_NAME = AccentColor;
				CODE_SIGN_STYLE = Automatic;
				CURRENT_PROJECT_VERSION = 1;
				DEVELOPMENT_TEAM = 9QSE66762D;
				ENABLE_PREVIEWS = YES;
				GENERATE_INFOPLIST_FILE = YES;
				INFOPLIST_KEY_UIApplicationSceneManifest_Generation = YES;
				INFOPLIST_KEY_UIApplicationSupportsIndirectInputEvents = YES;
				INFOPLIST_KEY_UILaunchScreen_Generation = YES;
				INFOPLIST_KEY_UISupportedInterfaceOrientations_iPad = "UIInterfaceOrientationPortrait UIInterfaceOrientationPortraitUpsideDown UIInterfaceOrientationLandscapeLeft UIInterfaceOrientationLandscapeRight";
				INFOPLIST_KEY_UISupportedInterfaceOrientations_iPhone = "UIInterfaceOrientationPortrait UIInterfaceOrientationLandscapeLeft UIInterfaceOrientationLandscapeRight";
				LD_RUNPATH_SEARCH_PATHS = (
					"$(inherited)",
					"@executable_path/Frameworks",
				);
				MARKETING_VERSION = 1.0;
				PRODUCT_BUNDLE_IDENTIFIER = com.pingidentity.OidcExample;
				PRODUCT_NAME = "$(TARGET_NAME)";
				STRING_CATALOG_GENERATE_SYMBOLS = YES;
				SWIFT_APPROACHABLE_CONCURRENCY = YES;
				SWIFT_DEFAULT_ACTOR_ISOLATION = MainActor;
				SWIFT_EMIT_LOC_STRINGS = YES;
				SWIFT_UPCOMING_FEATURE_MEMBER_IMPORT_VISIBILITY = YES;
				SWIFT_VERSION = 5.0;
				TARGETED_DEVICE_FAMILY = "1,2";
			};
			name = Debug;
		};
		ECC5A58D2EE841E10034504A /* Release */ = {
			isa = XCBuildConfiguration;
			buildSettings = {
				ASSETCATALOG_COMPILER_APPICON_NAME = AppIcon;
				ASSETCATALOG_COMPILER_GLOBAL_ACCENT_COLOR_NAME = AccentColor;
				CODE_SIGN_STYLE = Automatic;
				CURRENT_PROJECT_VERSION = 1;
				DEVELOPMENT_TEAM = 9QSE66762D;
				ENABLE_PREVIEWS = YES;
				GENERATE_INFOPLIST_FILE = YES;
				INFOPLIST_KEY_UIApplicationSceneManifest_Generation = YES;
				INFOPLIST_KEY_UIApplicationSupportsIndirectInputEvents = YES;
				INFOPLIST_KEY_UILaunchScreen_Generation = YES;
				INFOPLIST_KEY_UISupportedInterfaceOrientations_iPad = "UIInterfaceOrientationPortrait UIInterfaceOrientationPortraitUpsideDown UIInterfaceOrientationLandscapeLeft UIInterfaceOrientationLandscapeRight";
				INFOPLIST_KEY_UISupportedInterfaceOrientations_iPhone = "UIInterfaceOrientationPortrait UIInterfaceOrientationLandscapeLeft UIInterfaceOrientationLandscapeRight";
				LD_RUNPATH_SEARCH_PATHS = (
					"$(inherited)",
					"@executable_path/Frameworks",
				);
				MARKETING_VERSION = 1.0;
				PRODUCT_BUNDLE_IDENTIFIER = com.pingidentity.OidcExample;
				PRODUCT_NAME = "$(TARGET_NAME)";
				STRING_CATALOG_GENERATE_SYMBOLS = YES;
				SWIFT_APPROACHABLE_CONCURRENCY = YES;
				SWIFT_DEFAULT_ACTOR_ISOLATION = MainActor;
				SWIFT_EMIT_LOC_STRINGS = YES;
				SWIFT_UPCOMING_FEATURE_MEMBER_IMPORT_VISIBILITY = YES;
				SWIFT_VERSION = 5.0;
				TARGETED_DEVICE_FAMILY = "1,2";
			};
			name = Release;
		};
		ECC5A58F2EE841E10034504A /* Debug */ = {
			isa = XCBuildConfiguration;
			buildSettings = {
				BUNDLE_LOADER = "$(TEST_HOST)";
				CODE_SIGN_STYLE = Automatic;
				CURRENT_PROJECT_VERSION = 1;
				DEVELOPMENT_TEAM = 9QSE66762D;
				GENERATE_INFOPLIST_FILE = YES;
				IPHONEOS_DEPLOYMENT_TARGET = 26.1;
				MARKETING_VERSION = 1.0;
				PRODUCT_BUNDLE_IDENTIFIER = com.pingidentity.OidcExampleTests;
				PRODUCT_NAME = "$(TARGET_NAME)";
				STRING_CATALOG_GENERATE_SYMBOLS = NO;
				SWIFT_APPROACHABLE_CONCURRENCY = YES;
				SWIFT_EMIT_LOC_STRINGS = NO;
				SWIFT_UPCOMING_FEATURE_MEMBER_IMPORT_VISIBILITY = YES;
				SWIFT_VERSION = 5.0;
				TARGETED_DEVICE_FAMILY = "1,2";
				TEST_HOST = "$(BUILT_PRODUCTS_DIR)/OidcExample.app/$(BUNDLE_EXECUTABLE_FOLDER_PATH)/OidcExample";
			};
			name = Debug;
		};
		ECC5A5902EE841E10034504A /* Release */ = {
			isa = XCBuildConfiguration;
			buildSettings = {
				BUNDLE_LOADER = "$(TEST_HOST)";
				CODE_SIGN_STYLE = Automatic;
				CURRENT_PROJECT_VERSION = 1;
				DEVELOPMENT_TEAM = 9QSE66762D;
				GENERATE_INFOPLIST_FILE = YES;
				IPHONEOS_DEPLOYMENT_TARGET = 26.1;
				MARKETING_VERSION = 1.0;
				PRODUCT_BUNDLE_IDENTIFIER = com.pingidentity.OidcExampleTests;
				PRODUCT_NAME = "$(TARGET_NAME)";
				STRING_CATALOG_GENERATE_SYMBOLS = NO;
				SWIFT_APPROACHABLE_CONCURRENCY = YES;
				SWIFT_EMIT_LOC_STRINGS = NO;
				SWIFT_UPCOMING_FEATURE_MEMBER_IMPORT_VISIBILITY = YES;
				SWIFT_VERSION = 5.0;
				TARGETED_DEVICE_FAMILY = "1,2";
				TEST_HOST = "$(BUILT_PRODUCTS_DIR)/OidcExample.app/$(BUNDLE_EXECUTABLE_FOLDER_PATH)/OidcExample";
			};
			name = Release;
		};
		ECC5A5922EE841E10034504A /* Debug */ = {
			isa = XCBuildConfiguration;
			buildSettings = {
				CODE_SIGN_STYLE = Automatic;
				CURRENT_PROJECT_VERSION = 1;
				DEVELOPMENT_TEAM = 9QSE66762D;
				GENERATE_INFOPLIST_FILE = YES;
				MARKETING_VERSION = 1.0;
				PRODUCT_BUNDLE_IDENTIFIER = com.pingidentity.OidcExampleUITests;
				PRODUCT_NAME = "$(TARGET_NAME)";
				STRING_CATALOG_GENERATE_SYMBOLS = NO;
				SWIFT_APPROACHABLE_CONCURRENCY = YES;
				SWIFT_EMIT_LOC_STRINGS = NO;
				SWIFT_UPCOMING_FEATURE_MEMBER_IMPORT_VISIBILITY = YES;
				SWIFT_VERSION = 5.0;
				TARGETED_DEVICE_FAMILY = "1,2";
				TEST_TARGET_NAME = OidcExample;
			};
			name = Debug;
		};
		ECC5A5932EE841E10034504A /* Release */ = {
			isa = XCBuildConfiguration;
			buildSettings = {
				CODE_SIGN_STYLE = Automatic;
				CURRENT_PROJECT_VERSION = 1;
				DEVELOPMENT_TEAM = 9QSE66762D;
				GENERATE_INFOPLIST_FILE = YES;
				MARKETING_VERSION = 1.0;
				PRODUCT_BUNDLE_IDENTIFIER = com.pingidentity.OidcExampleUITests;
				PRODUCT_NAME = "$(TARGET_NAME)";
				STRING_CATALOG_GENERATE_SYMBOLS = NO;
				SWIFT_APPROACHABLE_CONCURRENCY = YES;
				SWIFT_EMIT_LOC_STRINGS = NO;
				SWIFT_UPCOMING_FEATURE_MEMBER_IMPORT_VISIBILITY = YES;
				SWIFT_VERSION = 5.0;
				TARGETED_DEVICE_FAMILY = "1,2";
				TEST_TARGET_NAME = OidcExample;
			};
			name = Release;
		};
/* End XCBuildConfiguration section */

/* Begin XCConfigurationList section */
		ECC5A5652EE841DF0034504A /* Build configuration list for PBXProject "OidcExample" */ = {
			isa = XCConfigurationList;
			buildConfigurations = (
				ECC5A5892EE841E10034504A /* Debug */,
				ECC5A58A2EE841E10034504A /* Release */,
			);
			defaultConfigurationIsVisible = 0;
			defaultConfigurationName = Release;
		};
		ECC5A58B2EE841E10034504A /* Build configuration list for PBXNativeTarget "OidcExample" */ = {
			isa = XCConfigurationList;
			buildConfigurations = (
				ECC5A58C2EE841E10034504A /* Debug */,
				ECC5A58D2EE841E10034504A /* Release */,
			);
			defaultConfigurationIsVisible = 0;
			defaultConfigurationName = Release;
		};
		ECC5A58E2EE841E10034504A /* Build configuration list for PBXNativeTarget "OidcExampleTests" */ = {
			isa = XCConfigurationList;
			buildConfigurations = (
				ECC5A58F2EE841E10034504A /* Debug */,
				ECC5A5902EE841E10034504A /* Release */,
			);
			defaultConfigurationIsVisible = 0;
			defaultConfigurationName = Release;
		};
		ECC5A5912EE841E10034504A /* Build configuration list for PBXNativeTarget "OidcExampleUITests" */ = {
			isa = XCConfigurationList;
			buildConfigurations = (
				ECC5A5922EE841E10034504A /* Debug */,
				ECC5A5932EE841E10034504A /* Release */,
			);
			defaultConfigurationIsVisible = 0;
			defaultConfigurationName = Release;
		};
/* End XCConfigurationList section */

/* Begin XCRemoteSwiftPackageReference section */
		ECC5A5B72EE842E90034504A /* XCRemoteSwiftPackageReference "ping-ios-sdk" */ = {
			isa = XCRemoteSwiftPackageReference;
			repositoryURL = "https://github.com/ForgeRock/ping-ios-sdk";
			requirement = {
				kind = upToNextMajorVersion;
				minimumVersion = 2.0.0;
			};
		};
/* End XCRemoteSwiftPackageReference section */

/* Begin XCSwiftPackageProductDependency section */
		ECC5A5B82EE842E90034504A /* PingBrowser */ = {
			isa = XCSwiftPackageProductDependency;
			package = ECC5A5B72EE842E90034504A /* XCRemoteSwiftPackageReference "ping-ios-sdk" */;
			productName = PingBrowser;
		};
		ECC5A5BA2EE842E90034504A /* PingDavinci */ = {
			isa = XCSwiftPackageProductDependency;
			package = ECC5A5B72EE842E90034504A /* XCRemoteSwiftPackageReference "ping-ios-sdk" */;
			productName = PingDavinci;
		};
		ECC5A5BC2EE842E90034504A /* PingLogger */ = {
			isa = XCSwiftPackageProductDependency;
			package = ECC5A5B72EE842E90034504A /* XCRemoteSwiftPackageReference "ping-ios-sdk" */;
			productName = PingLogger;
		};
		ECC5A5BE2EE842E90034504A /* PingOidc */ = {
			isa = XCSwiftPackageProductDependency;
			package = ECC5A5B72EE842E90034504A /* XCRemoteSwiftPackageReference "ping-ios-sdk" */;
			productName = PingOidc;
		};
		ECC5A5C02EE842E90034504A /* PingOrchestrate */ = {
			isa = XCSwiftPackageProductDependency;
			package = ECC5A5B72EE842E90034504A /* XCRemoteSwiftPackageReference "ping-ios-sdk" */;
			productName = PingOrchestrate;
		};
		ECC5A5C22EE842E90034504A /* PingProtect */ = {
			isa = XCSwiftPackageProductDependency;
			package = ECC5A5B72EE842E90034504A /* XCRemoteSwiftPackageReference "ping-ios-sdk" */;
			productName = PingProtect;
		};
		ECC5A5C42EE842E90034504A /* PingStorage */ = {
			isa = XCSwiftPackageProductDependency;
			package = ECC5A5B72EE842E90034504A /* XCRemoteSwiftPackageReference "ping-ios-sdk" */;
			productName = PingStorage;
		};
/* End XCSwiftPackageProductDependency section */
	};
	rootObject = ECC5A5622EE841DF0034504A /* Project object */;
}
